// !$*UTF8*$!
{
	archiveVersion = 1;
	classes = {
	};
	objectVersion = 46;
	objects = {

/* Begin PBXBuildFile section */
		AA9461211CCDB754009C6D56 /* AFAutoPurgingImageCache.m in Sources */ = {isa = PBXBuildFile; fileRef = AA94610E1CCDB754009C6D56 /* AFAutoPurgingImageCache.m */; };
		AA9461221CCDB754009C6D56 /* AFImageDownloader.m in Sources */ = {isa = PBXBuildFile; fileRef = AA9461101CCDB754009C6D56 /* AFImageDownloader.m */; };
		AA9461231CCDB754009C6D56 /* AFNetworkActivityIndicatorManager.m in Sources */ = {isa = PBXBuildFile; fileRef = AA9461121CCDB754009C6D56 /* AFNetworkActivityIndicatorManager.m */; };
		AA9461241CCDB754009C6D56 /* UIActivityIndicatorView+AFNetworking.m in Sources */ = {isa = PBXBuildFile; fileRef = AA9461141CCDB754009C6D56 /* UIActivityIndicatorView+AFNetworking.m */; };
		AA9461251CCDB754009C6D56 /* UIButton+AFNetworking.m in Sources */ = {isa = PBXBuildFile; fileRef = AA9461161CCDB754009C6D56 /* UIButton+AFNetworking.m */; };
		AA9461261CCDB754009C6D56 /* UIImageView+AFNetworking.m in Sources */ = {isa = PBXBuildFile; fileRef = AA9461191CCDB754009C6D56 /* UIImageView+AFNetworking.m */; };
		AA9461271CCDB754009C6D56 /* UIProgressView+AFNetworking.m in Sources */ = {isa = PBXBuildFile; fileRef = AA94611C1CCDB754009C6D56 /* UIProgressView+AFNetworking.m */; };
		AA9461281CCDB754009C6D56 /* UIRefreshControl+AFNetworking.m in Sources */ = {isa = PBXBuildFile; fileRef = AA94611E1CCDB754009C6D56 /* UIRefreshControl+AFNetworking.m */; };
		AA9461291CCDB754009C6D56 /* UIWebView+AFNetworking.m in Sources */ = {isa = PBXBuildFile; fileRef = AA9461201CCDB754009C6D56 /* UIWebView+AFNetworking.m */; };
		AA9461381CCDB75A009C6D56 /* AFHTTPSessionManager.m in Sources */ = {isa = PBXBuildFile; fileRef = AA94612C1CCDB75A009C6D56 /* AFHTTPSessionManager.m */; };
		AA9461391CCDB75A009C6D56 /* AFNetworkReachabilityManager.m in Sources */ = {isa = PBXBuildFile; fileRef = AA94612F1CCDB75A009C6D56 /* AFNetworkReachabilityManager.m */; };
		AA94613A1CCDB75A009C6D56 /* AFSecurityPolicy.m in Sources */ = {isa = PBXBuildFile; fileRef = AA9461311CCDB75A009C6D56 /* AFSecurityPolicy.m */; };
		AA94613B1CCDB75A009C6D56 /* AFURLRequestSerialization.m in Sources */ = {isa = PBXBuildFile; fileRef = AA9461331CCDB75A009C6D56 /* AFURLRequestSerialization.m */; };
		AA94613C1CCDB75A009C6D56 /* AFURLResponseSerialization.m in Sources */ = {isa = PBXBuildFile; fileRef = AA9461351CCDB75A009C6D56 /* AFURLResponseSerialization.m */; };
		AA94613D1CCDB75A009C6D56 /* AFURLSessionManager.m in Sources */ = {isa = PBXBuildFile; fileRef = AA9461371CCDB75A009C6D56 /* AFURLSessionManager.m */; };
		AA94614D1CCDC307009C6D56 /* JSONModel.m in Sources */ = {isa = PBXBuildFile; fileRef = AA9461481CCDC307009C6D56 /* JSONModel.m */; };
		AA94614E1CCDC307009C6D56 /* JSONModelClassProperty.m in Sources */ = {isa = PBXBuildFile; fileRef = AA94614A1CCDC307009C6D56 /* JSONModelClassProperty.m */; };
		AA94614F1CCDC307009C6D56 /* JSONModelError.m in Sources */ = {isa = PBXBuildFile; fileRef = AA94614C1CCDC307009C6D56 /* JSONModelError.m */; };
		AA9461561CCDC315009C6D56 /* JSONAPI.m in Sources */ = {isa = PBXBuildFile; fileRef = AA9461511CCDC315009C6D56 /* JSONAPI.m */; };
		AA9461571CCDC315009C6D56 /* JSONHTTPClient.m in Sources */ = {isa = PBXBuildFile; fileRef = AA9461531CCDC315009C6D56 /* JSONHTTPClient.m */; };
		AA9461581CCDC315009C6D56 /* JSONModel+networking.m in Sources */ = {isa = PBXBuildFile; fileRef = AA9461551CCDC315009C6D56 /* JSONModel+networking.m */; };
		AA94615D1CCDC31B009C6D56 /* JSONKeyMapper.m in Sources */ = {isa = PBXBuildFile; fileRef = AA94615A1CCDC31B009C6D56 /* JSONKeyMapper.m */; };
		AA94615E1CCDC31B009C6D56 /* JSONValueTransformer.m in Sources */ = {isa = PBXBuildFile; fileRef = AA94615C1CCDC31B009C6D56 /* JSONValueTransformer.m */; };
		AA9461621CCDC499009C6D56 /* BulletinInfo.m in Sources */ = {isa = PBXBuildFile; fileRef = AA9461611CCDC499009C6D56 /* BulletinInfo.m */; };
		AA9461791CCDF488009C6D56 /* MJExtensionConst.m in Sources */ = {isa = PBXBuildFile; fileRef = AA9461661CCDF488009C6D56 /* MJExtensionConst.m */; };
		AA94617A1CCDF488009C6D56 /* MJFoundation.m in Sources */ = {isa = PBXBuildFile; fileRef = AA9461681CCDF488009C6D56 /* MJFoundation.m */; };
		AA94617B1CCDF488009C6D56 /* MJProperty.m in Sources */ = {isa = PBXBuildFile; fileRef = AA94616A1CCDF488009C6D56 /* MJProperty.m */; };
		AA94617C1CCDF488009C6D56 /* MJPropertyKey.m in Sources */ = {isa = PBXBuildFile; fileRef = AA94616C1CCDF488009C6D56 /* MJPropertyKey.m */; };
		AA94617D1CCDF488009C6D56 /* MJPropertyType.m in Sources */ = {isa = PBXBuildFile; fileRef = AA94616E1CCDF488009C6D56 /* MJPropertyType.m */; };
		AA94617E1CCDF488009C6D56 /* NSObject+MJClass.m in Sources */ = {isa = PBXBuildFile; fileRef = AA9461701CCDF488009C6D56 /* NSObject+MJClass.m */; };
		AA94617F1CCDF488009C6D56 /* NSObject+MJCoding.m in Sources */ = {isa = PBXBuildFile; fileRef = AA9461721CCDF488009C6D56 /* NSObject+MJCoding.m */; };
		AA9461801CCDF488009C6D56 /* NSObject+MJKeyValue.m in Sources */ = {isa = PBXBuildFile; fileRef = AA9461741CCDF488009C6D56 /* NSObject+MJKeyValue.m */; };
		AA9461811CCDF488009C6D56 /* NSObject+MJProperty.m in Sources */ = {isa = PBXBuildFile; fileRef = AA9461761CCDF488009C6D56 /* NSObject+MJProperty.m */; };
		AA9461821CCDF488009C6D56 /* NSString+MJExtension.m in Sources */ = {isa = PBXBuildFile; fileRef = AA9461781CCDF488009C6D56 /* NSString+MJExtension.m */; };
		AA9461881CCDFA09009C6D56 /* motoUtility.m in Sources */ = {isa = PBXBuildFile; fileRef = AA9461871CCDFA09009C6D56 /* motoUtility.m */; };
		AA94618E1CCDFC28009C6D56 /* validateTool.m in Sources */ = {isa = PBXBuildFile; fileRef = AA94618D1CCDFC28009C6D56 /* validateTool.m */; };
		AA9461B11CCDFED1009C6D56 /* MKAnnotationView+WebCache.m in Sources */ = {isa = PBXBuildFile; fileRef = AA9461911CCDFED1009C6D56 /* MKAnnotationView+WebCache.m */; };
		AA9461B21CCDFED1009C6D56 /* NSData+ImageContentType.m in Sources */ = {isa = PBXBuildFile; fileRef = AA9461931CCDFED1009C6D56 /* NSData+ImageContentType.m */; };
		AA9461B31CCDFED1009C6D56 /* SDImageCache.m in Sources */ = {isa = PBXBuildFile; fileRef = AA9461951CCDFED1009C6D56 /* SDImageCache.m */; };
		AA9461B41CCDFED1009C6D56 /* SDWebImageCompat.m in Sources */ = {isa = PBXBuildFile; fileRef = AA9461971CCDFED1009C6D56 /* SDWebImageCompat.m */; };
		AA9461B51CCDFED1009C6D56 /* SDWebImageDecoder.m in Sources */ = {isa = PBXBuildFile; fileRef = AA9461991CCDFED1009C6D56 /* SDWebImageDecoder.m */; };
		AA9461B61CCDFED1009C6D56 /* SDWebImageDownloader.m in Sources */ = {isa = PBXBuildFile; fileRef = AA94619B1CCDFED1009C6D56 /* SDWebImageDownloader.m */; };
		AA9461B71CCDFED1009C6D56 /* SDWebImageDownloaderOperation.m in Sources */ = {isa = PBXBuildFile; fileRef = AA94619D1CCDFED1009C6D56 /* SDWebImageDownloaderOperation.m */; };
		AA9461B81CCDFED1009C6D56 /* SDWebImageManager.m in Sources */ = {isa = PBXBuildFile; fileRef = AA94619F1CCDFED1009C6D56 /* SDWebImageManager.m */; };
		AA9461B91CCDFED1009C6D56 /* SDWebImagePrefetcher.m in Sources */ = {isa = PBXBuildFile; fileRef = AA9461A21CCDFED1009C6D56 /* SDWebImagePrefetcher.m */; };
		AA9461BA1CCDFED1009C6D56 /* UIButton+WebCache.m in Sources */ = {isa = PBXBuildFile; fileRef = AA9461A41CCDFED1009C6D56 /* UIButton+WebCache.m */; };
		AA9461BB1CCDFED1009C6D56 /* UIImage+GIF.m in Sources */ = {isa = PBXBuildFile; fileRef = AA9461A61CCDFED1009C6D56 /* UIImage+GIF.m */; };
		AA9461BC1CCDFED1009C6D56 /* UIImage+MultiFormat.m in Sources */ = {isa = PBXBuildFile; fileRef = AA9461A81CCDFED1009C6D56 /* UIImage+MultiFormat.m */; };
		AA9461BD1CCDFED1009C6D56 /* UIImage+WebP.m in Sources */ = {isa = PBXBuildFile; fileRef = AA9461AA1CCDFED1009C6D56 /* UIImage+WebP.m */; };
		AA9461BE1CCDFED1009C6D56 /* UIImageView+HighlightedWebCache.m in Sources */ = {isa = PBXBuildFile; fileRef = AA9461AC1CCDFED1009C6D56 /* UIImageView+HighlightedWebCache.m */; };
		AA9461BF1CCDFED1009C6D56 /* UIImageView+WebCache.m in Sources */ = {isa = PBXBuildFile; fileRef = AA9461AE1CCDFED1009C6D56 /* UIImageView+WebCache.m */; };
		AA9461C01CCDFED1009C6D56 /* UIView+WebCacheOperation.m in Sources */ = {isa = PBXBuildFile; fileRef = AA9461B01CCDFED1009C6D56 /* UIView+WebCacheOperation.m */; };
		AA9461C41CCE00A9009C6D56 /* MBProgressHUD.m in Sources */ = {isa = PBXBuildFile; fileRef = AA9461C31CCE00A9009C6D56 /* MBProgressHUD.m */; };
		AA9461EB1CCE02BA009C6D56 /* IQNSArray+Sort.m in Sources */ = {isa = PBXBuildFile; fileRef = AA9461C81CCE02BA009C6D56 /* IQNSArray+Sort.m */; };
		AA9461EC1CCE02BA009C6D56 /* IQUIScrollView+Additions.m in Sources */ = {isa = PBXBuildFile; fileRef = AA9461CA1CCE02BA009C6D56 /* IQUIScrollView+Additions.m */; };
		AA9461ED1CCE02BA009C6D56 /* IQUITextFieldView+Additions.m in Sources */ = {isa = PBXBuildFile; fileRef = AA9461CC1CCE02BA009C6D56 /* IQUITextFieldView+Additions.m */; };
		AA9461EE1CCE02BA009C6D56 /* IQUIView+Hierarchy.m in Sources */ = {isa = PBXBuildFile; fileRef = AA9461CE1CCE02BA009C6D56 /* IQUIView+Hierarchy.m */; };
		AA9461EF1CCE02BA009C6D56 /* IQUIViewController+Additions.m in Sources */ = {isa = PBXBuildFile; fileRef = AA9461D01CCE02BA009C6D56 /* IQUIViewController+Additions.m */; };
		AA9461F01CCE02BA009C6D56 /* IQUIWindow+Hierarchy.m in Sources */ = {isa = PBXBuildFile; fileRef = AA9461D21CCE02BA009C6D56 /* IQUIWindow+Hierarchy.m */; };
		AA9461F11CCE02BA009C6D56 /* IQKeyboardManager.m in Sources */ = {isa = PBXBuildFile; fileRef = AA9461D71CCE02BA009C6D56 /* IQKeyboardManager.m */; };
		AA9461F21CCE02BA009C6D56 /* IQKeyboardReturnKeyHandler.m in Sources */ = {isa = PBXBuildFile; fileRef = AA9461D91CCE02BA009C6D56 /* IQKeyboardReturnKeyHandler.m */; };
		AA9461F31CCE02BA009C6D56 /* IQTextView.m in Sources */ = {isa = PBXBuildFile; fileRef = AA9461DC1CCE02BA009C6D56 /* IQTextView.m */; };
		AA9461F41CCE02BA009C6D56 /* IQBarButtonItem.m in Sources */ = {isa = PBXBuildFile; fileRef = AA9461DF1CCE02BA009C6D56 /* IQBarButtonItem.m */; };
		AA9461F51CCE02BA009C6D56 /* IQPreviousNextView.m in Sources */ = {isa = PBXBuildFile; fileRef = AA9461E11CCE02BA009C6D56 /* IQPreviousNextView.m */; };
		AA9461F61CCE02BA009C6D56 /* IQTitleBarButtonItem.m in Sources */ = {isa = PBXBuildFile; fileRef = AA9461E31CCE02BA009C6D56 /* IQTitleBarButtonItem.m */; };
		AA9461F71CCE02BA009C6D56 /* IQToolbar.m in Sources */ = {isa = PBXBuildFile; fileRef = AA9461E51CCE02BA009C6D56 /* IQToolbar.m */; };
		AA9461F81CCE02BA009C6D56 /* IQUIView+IQKeyboardToolbar.m in Sources */ = {isa = PBXBuildFile; fileRef = AA9461E71CCE02BA009C6D56 /* IQUIView+IQKeyboardToolbar.m */; };
		AA9461F91CCE02BA009C6D56 /* IQKeyboardManager.bundle in Resources */ = {isa = PBXBuildFile; fileRef = AA9461EA1CCE02BA009C6D56 /* IQKeyboardManager.bundle */; };
		AA9462011CCE0A54009C6D56 /* RDVTabBar.m in Sources */ = {isa = PBXBuildFile; fileRef = AA9461FC1CCE0A54009C6D56 /* RDVTabBar.m */; };
		AA9462021CCE0A54009C6D56 /* RDVTabBarController.m in Sources */ = {isa = PBXBuildFile; fileRef = AA9461FE1CCE0A54009C6D56 /* RDVTabBarController.m */; };
		AA9462031CCE0A54009C6D56 /* RDVTabBarItem.m in Sources */ = {isa = PBXBuildFile; fileRef = AA9462001CCE0A54009C6D56 /* RDVTabBarItem.m */; };
		AACC9FAA1CCB477A0001FF9B /* main.m in Sources */ = {isa = PBXBuildFile; fileRef = AACC9FA91CCB477A0001FF9B /* main.m */; };
		AACC9FAD1CCB477A0001FF9B /* AppDelegate.m in Sources */ = {isa = PBXBuildFile; fileRef = AACC9FAC1CCB477A0001FF9B /* AppDelegate.m */; };
		AACC9FB01CCB477A0001FF9B /* ViewController.m in Sources */ = {isa = PBXBuildFile; fileRef = AACC9FAF1CCB477A0001FF9B /* ViewController.m */; };
		AACC9FB31CCB477A0001FF9B /* Main.storyboard in Resources */ = {isa = PBXBuildFile; fileRef = AACC9FB11CCB477A0001FF9B /* Main.storyboard */; };
		AACC9FB61CCB477A0001FF9B /* motoHome.xcdatamodeld in Sources */ = {isa = PBXBuildFile; fileRef = AACC9FB41CCB477A0001FF9B /* motoHome.xcdatamodeld */; };
		AACC9FB81CCB477A0001FF9B /* Assets.xcassets in Resources */ = {isa = PBXBuildFile; fileRef = AACC9FB71CCB477A0001FF9B /* Assets.xcassets */; };
		AACC9FBB1CCB477A0001FF9B /* LaunchScreen.storyboard in Resources */ = {isa = PBXBuildFile; fileRef = AACC9FB91CCB477A0001FF9B /* LaunchScreen.storyboard */; };
		AACC9FC61CCB477B0001FF9B /* motoHomeTests.m in Sources */ = {isa = PBXBuildFile; fileRef = AACC9FC51CCB477B0001FF9B /* motoHomeTests.m */; };
		AACC9FD11CCB477B0001FF9B /* motoHomeUITests.m in Sources */ = {isa = PBXBuildFile; fileRef = AACC9FD01CCB477B0001FF9B /* motoHomeUITests.m */; };
		AACC9FE41CCB4D450001FF9B /* UIKit.framework in Frameworks */ = {isa = PBXBuildFile; fileRef = AACC9FE31CCB4D450001FF9B /* UIKit.framework */; };
		AACC9FE61CCB4D4D0001FF9B /* OpenGLES.framework in Frameworks */ = {isa = PBXBuildFile; fileRef = AACC9FE51CCB4D4D0001FF9B /* OpenGLES.framework */; };
		AACC9FE81CCB4D570001FF9B /* Security.framework in Frameworks */ = {isa = PBXBuildFile; fileRef = AACC9FE71CCB4D570001FF9B /* Security.framework */; };
		AACC9FEA1CCB4D640001FF9B /* AVFoundation.framework in Frameworks */ = {isa = PBXBuildFile; fileRef = AACC9FE91CCB4D640001FF9B /* AVFoundation.framework */; };
		AACC9FEC1CCB4D6A0001FF9B /* LocalAuthentication.framework in Frameworks */ = {isa = PBXBuildFile; fileRef = AACC9FEB1CCB4D6A0001FF9B /* LocalAuthentication.framework */; };
		AACC9FEE1CCB4D840001FF9B /* Foundation.framework in Frameworks */ = {isa = PBXBuildFile; fileRef = AACC9FED1CCB4D840001FF9B /* Foundation.framework */; };
		AACC9FF01CCB4D8A0001FF9B /* SystemConfiguration.framework in Frameworks */ = {isa = PBXBuildFile; fileRef = AACC9FEF1CCB4D8A0001FF9B /* SystemConfiguration.framework */; };
		AACC9FF21CCB4D9C0001FF9B /* CoreGraphics.framework in Frameworks */ = {isa = PBXBuildFile; fileRef = AACC9FF11CCB4D9C0001FF9B /* CoreGraphics.framework */; };
/* End PBXBuildFile section */

/* Begin PBXContainerItemProxy section */
		AACC9FC21CCB477B0001FF9B /* PBXContainerItemProxy */ = {
			isa = PBXContainerItemProxy;
			containerPortal = AACC9F9D1CCB477A0001FF9B /* Project object */;
			proxyType = 1;
			remoteGlobalIDString = AACC9FA41CCB477A0001FF9B;
			remoteInfo = motoHome;
		};
		AACC9FCD1CCB477B0001FF9B /* PBXContainerItemProxy */ = {
			isa = PBXContainerItemProxy;
			containerPortal = AACC9F9D1CCB477A0001FF9B /* Project object */;
			proxyType = 1;
			remoteGlobalIDString = AACC9FA41CCB477A0001FF9B;
			remoteInfo = motoHome;
		};
/* End PBXContainerItemProxy section */

/* Begin PBXFileReference section */
		AA94610D1CCDB754009C6D56 /* AFAutoPurgingImageCache.h */ = {isa = PBXFileReference; fileEncoding = 4; lastKnownFileType = sourcecode.c.h; path = AFAutoPurgingImageCache.h; sourceTree = "<group>"; };
		AA94610E1CCDB754009C6D56 /* AFAutoPurgingImageCache.m */ = {isa = PBXFileReference; fileEncoding = 4; lastKnownFileType = sourcecode.c.objc; path = AFAutoPurgingImageCache.m; sourceTree = "<group>"; };
		AA94610F1CCDB754009C6D56 /* AFImageDownloader.h */ = {isa = PBXFileReference; fileEncoding = 4; lastKnownFileType = sourcecode.c.h; path = AFImageDownloader.h; sourceTree = "<group>"; };
		AA9461101CCDB754009C6D56 /* AFImageDownloader.m */ = {isa = PBXFileReference; fileEncoding = 4; lastKnownFileType = sourcecode.c.objc; path = AFImageDownloader.m; sourceTree = "<group>"; };
		AA9461111CCDB754009C6D56 /* AFNetworkActivityIndicatorManager.h */ = {isa = PBXFileReference; fileEncoding = 4; lastKnownFileType = sourcecode.c.h; path = AFNetworkActivityIndicatorManager.h; sourceTree = "<group>"; };
		AA9461121CCDB754009C6D56 /* AFNetworkActivityIndicatorManager.m */ = {isa = PBXFileReference; fileEncoding = 4; lastKnownFileType = sourcecode.c.objc; path = AFNetworkActivityIndicatorManager.m; sourceTree = "<group>"; };
		AA9461131CCDB754009C6D56 /* UIActivityIndicatorView+AFNetworking.h */ = {isa = PBXFileReference; fileEncoding = 4; lastKnownFileType = sourcecode.c.h; path = "UIActivityIndicatorView+AFNetworking.h"; sourceTree = "<group>"; };
		AA9461141CCDB754009C6D56 /* UIActivityIndicatorView+AFNetworking.m */ = {isa = PBXFileReference; fileEncoding = 4; lastKnownFileType = sourcecode.c.objc; path = "UIActivityIndicatorView+AFNetworking.m"; sourceTree = "<group>"; };
		AA9461151CCDB754009C6D56 /* UIButton+AFNetworking.h */ = {isa = PBXFileReference; fileEncoding = 4; lastKnownFileType = sourcecode.c.h; path = "UIButton+AFNetworking.h"; sourceTree = "<group>"; };
		AA9461161CCDB754009C6D56 /* UIButton+AFNetworking.m */ = {isa = PBXFileReference; fileEncoding = 4; lastKnownFileType = sourcecode.c.objc; path = "UIButton+AFNetworking.m"; sourceTree = "<group>"; };
		AA9461171CCDB754009C6D56 /* UIImage+AFNetworking.h */ = {isa = PBXFileReference; fileEncoding = 4; lastKnownFileType = sourcecode.c.h; path = "UIImage+AFNetworking.h"; sourceTree = "<group>"; };
		AA9461181CCDB754009C6D56 /* UIImageView+AFNetworking.h */ = {isa = PBXFileReference; fileEncoding = 4; lastKnownFileType = sourcecode.c.h; path = "UIImageView+AFNetworking.h"; sourceTree = "<group>"; };
		AA9461191CCDB754009C6D56 /* UIImageView+AFNetworking.m */ = {isa = PBXFileReference; fileEncoding = 4; lastKnownFileType = sourcecode.c.objc; path = "UIImageView+AFNetworking.m"; sourceTree = "<group>"; };
		AA94611A1CCDB754009C6D56 /* UIKit+AFNetworking.h */ = {isa = PBXFileReference; fileEncoding = 4; lastKnownFileType = sourcecode.c.h; path = "UIKit+AFNetworking.h"; sourceTree = "<group>"; };
		AA94611B1CCDB754009C6D56 /* UIProgressView+AFNetworking.h */ = {isa = PBXFileReference; fileEncoding = 4; lastKnownFileType = sourcecode.c.h; path = "UIProgressView+AFNetworking.h"; sourceTree = "<group>"; };
		AA94611C1CCDB754009C6D56 /* UIProgressView+AFNetworking.m */ = {isa = PBXFileReference; fileEncoding = 4; lastKnownFileType = sourcecode.c.objc; path = "UIProgressView+AFNetworking.m"; sourceTree = "<group>"; };
		AA94611D1CCDB754009C6D56 /* UIRefreshControl+AFNetworking.h */ = {isa = PBXFileReference; fileEncoding = 4; lastKnownFileType = sourcecode.c.h; path = "UIRefreshControl+AFNetworking.h"; sourceTree = "<group>"; };
		AA94611E1CCDB754009C6D56 /* UIRefreshControl+AFNetworking.m */ = {isa = PBXFileReference; fileEncoding = 4; lastKnownFileType = sourcecode.c.objc; path = "UIRefreshControl+AFNetworking.m"; sourceTree = "<group>"; };
		AA94611F1CCDB754009C6D56 /* UIWebView+AFNetworking.h */ = {isa = PBXFileReference; fileEncoding = 4; lastKnownFileType = sourcecode.c.h; path = "UIWebView+AFNetworking.h"; sourceTree = "<group>"; };
		AA9461201CCDB754009C6D56 /* UIWebView+AFNetworking.m */ = {isa = PBXFileReference; fileEncoding = 4; lastKnownFileType = sourcecode.c.objc; path = "UIWebView+AFNetworking.m"; sourceTree = "<group>"; };
		AA94612B1CCDB75A009C6D56 /* AFHTTPSessionManager.h */ = {isa = PBXFileReference; fileEncoding = 4; lastKnownFileType = sourcecode.c.h; path = AFHTTPSessionManager.h; sourceTree = "<group>"; };
		AA94612C1CCDB75A009C6D56 /* AFHTTPSessionManager.m */ = {isa = PBXFileReference; fileEncoding = 4; lastKnownFileType = sourcecode.c.objc; path = AFHTTPSessionManager.m; sourceTree = "<group>"; };
		AA94612D1CCDB75A009C6D56 /* AFNetworking.h */ = {isa = PBXFileReference; fileEncoding = 4; lastKnownFileType = sourcecode.c.h; path = AFNetworking.h; sourceTree = "<group>"; };
		AA94612E1CCDB75A009C6D56 /* AFNetworkReachabilityManager.h */ = {isa = PBXFileReference; fileEncoding = 4; lastKnownFileType = sourcecode.c.h; path = AFNetworkReachabilityManager.h; sourceTree = "<group>"; };
		AA94612F1CCDB75A009C6D56 /* AFNetworkReachabilityManager.m */ = {isa = PBXFileReference; fileEncoding = 4; lastKnownFileType = sourcecode.c.objc; path = AFNetworkReachabilityManager.m; sourceTree = "<group>"; };
		AA9461301CCDB75A009C6D56 /* AFSecurityPolicy.h */ = {isa = PBXFileReference; fileEncoding = 4; lastKnownFileType = sourcecode.c.h; path = AFSecurityPolicy.h; sourceTree = "<group>"; };
		AA9461311CCDB75A009C6D56 /* AFSecurityPolicy.m */ = {isa = PBXFileReference; fileEncoding = 4; lastKnownFileType = sourcecode.c.objc; path = AFSecurityPolicy.m; sourceTree = "<group>"; };
		AA9461321CCDB75A009C6D56 /* AFURLRequestSerialization.h */ = {isa = PBXFileReference; fileEncoding = 4; lastKnownFileType = sourcecode.c.h; path = AFURLRequestSerialization.h; sourceTree = "<group>"; };
		AA9461331CCDB75A009C6D56 /* AFURLRequestSerialization.m */ = {isa = PBXFileReference; fileEncoding = 4; lastKnownFileType = sourcecode.c.objc; path = AFURLRequestSerialization.m; sourceTree = "<group>"; };
		AA9461341CCDB75A009C6D56 /* AFURLResponseSerialization.h */ = {isa = PBXFileReference; fileEncoding = 4; lastKnownFileType = sourcecode.c.h; path = AFURLResponseSerialization.h; sourceTree = "<group>"; };
		AA9461351CCDB75A009C6D56 /* AFURLResponseSerialization.m */ = {isa = PBXFileReference; fileEncoding = 4; lastKnownFileType = sourcecode.c.objc; path = AFURLResponseSerialization.m; sourceTree = "<group>"; };
		AA9461361CCDB75A009C6D56 /* AFURLSessionManager.h */ = {isa = PBXFileReference; fileEncoding = 4; lastKnownFileType = sourcecode.c.h; path = AFURLSessionManager.h; sourceTree = "<group>"; };
		AA9461371CCDB75A009C6D56 /* AFURLSessionManager.m */ = {isa = PBXFileReference; fileEncoding = 4; lastKnownFileType = sourcecode.c.objc; path = AFURLSessionManager.m; sourceTree = "<group>"; };
		AA94613F1CCDBFAF009C6D56 /* BaseLoadData.h */ = {isa = PBXFileReference; fileEncoding = 4; lastKnownFileType = sourcecode.c.h; path = BaseLoadData.h; sourceTree = "<group>"; };
		AA9461461CCDC300009C6D56 /* JSONModelLib.h */ = {isa = PBXFileReference; fileEncoding = 4; lastKnownFileType = sourcecode.c.h; path = JSONModelLib.h; sourceTree = "<group>"; };
		AA9461471CCDC307009C6D56 /* JSONModel.h */ = {isa = PBXFileReference; fileEncoding = 4; lastKnownFileType = sourcecode.c.h; path = JSONModel.h; sourceTree = "<group>"; };
		AA9461481CCDC307009C6D56 /* JSONModel.m */ = {isa = PBXFileReference; fileEncoding = 4; lastKnownFileType = sourcecode.c.objc; path = JSONModel.m; sourceTree = "<group>"; };
		AA9461491CCDC307009C6D56 /* JSONModelClassProperty.h */ = {isa = PBXFileReference; fileEncoding = 4; lastKnownFileType = sourcecode.c.h; path = JSONModelClassProperty.h; sourceTree = "<group>"; };
		AA94614A1CCDC307009C6D56 /* JSONModelClassProperty.m */ = {isa = PBXFileReference; fileEncoding = 4; lastKnownFileType = sourcecode.c.objc; path = JSONModelClassProperty.m; sourceTree = "<group>"; };
		AA94614B1CCDC307009C6D56 /* JSONModelError.h */ = {isa = PBXFileReference; fileEncoding = 4; lastKnownFileType = sourcecode.c.h; path = JSONModelError.h; sourceTree = "<group>"; };
		AA94614C1CCDC307009C6D56 /* JSONModelError.m */ = {isa = PBXFileReference; fileEncoding = 4; lastKnownFileType = sourcecode.c.objc; path = JSONModelError.m; sourceTree = "<group>"; };
		AA9461501CCDC315009C6D56 /* JSONAPI.h */ = {isa = PBXFileReference; fileEncoding = 4; lastKnownFileType = sourcecode.c.h; path = JSONAPI.h; sourceTree = "<group>"; };
		AA9461511CCDC315009C6D56 /* JSONAPI.m */ = {isa = PBXFileReference; fileEncoding = 4; lastKnownFileType = sourcecode.c.objc; path = JSONAPI.m; sourceTree = "<group>"; };
		AA9461521CCDC315009C6D56 /* JSONHTTPClient.h */ = {isa = PBXFileReference; fileEncoding = 4; lastKnownFileType = sourcecode.c.h; path = JSONHTTPClient.h; sourceTree = "<group>"; };
		AA9461531CCDC315009C6D56 /* JSONHTTPClient.m */ = {isa = PBXFileReference; fileEncoding = 4; lastKnownFileType = sourcecode.c.objc; path = JSONHTTPClient.m; sourceTree = "<group>"; };
		AA9461541CCDC315009C6D56 /* JSONModel+networking.h */ = {isa = PBXFileReference; fileEncoding = 4; lastKnownFileType = sourcecode.c.h; path = "JSONModel+networking.h"; sourceTree = "<group>"; };
		AA9461551CCDC315009C6D56 /* JSONModel+networking.m */ = {isa = PBXFileReference; fileEncoding = 4; lastKnownFileType = sourcecode.c.objc; path = "JSONModel+networking.m"; sourceTree = "<group>"; };
		AA9461591CCDC31B009C6D56 /* JSONKeyMapper.h */ = {isa = PBXFileReference; fileEncoding = 4; lastKnownFileType = sourcecode.c.h; path = JSONKeyMapper.h; sourceTree = "<group>"; };
		AA94615A1CCDC31B009C6D56 /* JSONKeyMapper.m */ = {isa = PBXFileReference; fileEncoding = 4; lastKnownFileType = sourcecode.c.objc; path = JSONKeyMapper.m; sourceTree = "<group>"; };
		AA94615B1CCDC31B009C6D56 /* JSONValueTransformer.h */ = {isa = PBXFileReference; fileEncoding = 4; lastKnownFileType = sourcecode.c.h; path = JSONValueTransformer.h; sourceTree = "<group>"; };
		AA94615C1CCDC31B009C6D56 /* JSONValueTransformer.m */ = {isa = PBXFileReference; fileEncoding = 4; lastKnownFileType = sourcecode.c.objc; path = JSONValueTransformer.m; sourceTree = "<group>"; };
		AA9461601CCDC499009C6D56 /* BulletinInfo.h */ = {isa = PBXFileReference; fileEncoding = 4; lastKnownFileType = sourcecode.c.h; path = BulletinInfo.h; sourceTree = "<group>"; };
		AA9461611CCDC499009C6D56 /* BulletinInfo.m */ = {isa = PBXFileReference; fileEncoding = 4; lastKnownFileType = sourcecode.c.objc; path = BulletinInfo.m; sourceTree = "<group>"; };
		AA9461641CCDF488009C6D56 /* MJExtension.h */ = {isa = PBXFileReference; fileEncoding = 4; lastKnownFileType = sourcecode.c.h; path = MJExtension.h; sourceTree = "<group>"; };
		AA9461651CCDF488009C6D56 /* MJExtensionConst.h */ = {isa = PBXFileReference; fileEncoding = 4; lastKnownFileType = sourcecode.c.h; path = MJExtensionConst.h; sourceTree = "<group>"; };
		AA9461661CCDF488009C6D56 /* MJExtensionConst.m */ = {isa = PBXFileReference; fileEncoding = 4; lastKnownFileType = sourcecode.c.objc; path = MJExtensionConst.m; sourceTree = "<group>"; };
		AA9461671CCDF488009C6D56 /* MJFoundation.h */ = {isa = PBXFileReference; fileEncoding = 4; lastKnownFileType = sourcecode.c.h; path = MJFoundation.h; sourceTree = "<group>"; };
		AA9461681CCDF488009C6D56 /* MJFoundation.m */ = {isa = PBXFileReference; fileEncoding = 4; lastKnownFileType = sourcecode.c.objc; path = MJFoundation.m; sourceTree = "<group>"; };
		AA9461691CCDF488009C6D56 /* MJProperty.h */ = {isa = PBXFileReference; fileEncoding = 4; lastKnownFileType = sourcecode.c.h; path = MJProperty.h; sourceTree = "<group>"; };
		AA94616A1CCDF488009C6D56 /* MJProperty.m */ = {isa = PBXFileReference; fileEncoding = 4; lastKnownFileType = sourcecode.c.objc; path = MJProperty.m; sourceTree = "<group>"; };
		AA94616B1CCDF488009C6D56 /* MJPropertyKey.h */ = {isa = PBXFileReference; fileEncoding = 4; lastKnownFileType = sourcecode.c.h; path = MJPropertyKey.h; sourceTree = "<group>"; };
		AA94616C1CCDF488009C6D56 /* MJPropertyKey.m */ = {isa = PBXFileReference; fileEncoding = 4; lastKnownFileType = sourcecode.c.objc; path = MJPropertyKey.m; sourceTree = "<group>"; };
		AA94616D1CCDF488009C6D56 /* MJPropertyType.h */ = {isa = PBXFileReference; fileEncoding = 4; lastKnownFileType = sourcecode.c.h; path = MJPropertyType.h; sourceTree = "<group>"; };
		AA94616E1CCDF488009C6D56 /* MJPropertyType.m */ = {isa = PBXFileReference; fileEncoding = 4; lastKnownFileType = sourcecode.c.objc; path = MJPropertyType.m; sourceTree = "<group>"; };
		AA94616F1CCDF488009C6D56 /* NSObject+MJClass.h */ = {isa = PBXFileReference; fileEncoding = 4; lastKnownFileType = sourcecode.c.h; path = "NSObject+MJClass.h"; sourceTree = "<group>"; };
		AA9461701CCDF488009C6D56 /* NSObject+MJClass.m */ = {isa = PBXFileReference; fileEncoding = 4; lastKnownFileType = sourcecode.c.objc; path = "NSObject+MJClass.m"; sourceTree = "<group>"; };
		AA9461711CCDF488009C6D56 /* NSObject+MJCoding.h */ = {isa = PBXFileReference; fileEncoding = 4; lastKnownFileType = sourcecode.c.h; path = "NSObject+MJCoding.h"; sourceTree = "<group>"; };
		AA9461721CCDF488009C6D56 /* NSObject+MJCoding.m */ = {isa = PBXFileReference; fileEncoding = 4; lastKnownFileType = sourcecode.c.objc; path = "NSObject+MJCoding.m"; sourceTree = "<group>"; };
		AA9461731CCDF488009C6D56 /* NSObject+MJKeyValue.h */ = {isa = PBXFileReference; fileEncoding = 4; lastKnownFileType = sourcecode.c.h; path = "NSObject+MJKeyValue.h"; sourceTree = "<group>"; };
		AA9461741CCDF488009C6D56 /* NSObject+MJKeyValue.m */ = {isa = PBXFileReference; fileEncoding = 4; lastKnownFileType = sourcecode.c.objc; path = "NSObject+MJKeyValue.m"; sourceTree = "<group>"; };
		AA9461751CCDF488009C6D56 /* NSObject+MJProperty.h */ = {isa = PBXFileReference; fileEncoding = 4; lastKnownFileType = sourcecode.c.h; path = "NSObject+MJProperty.h"; sourceTree = "<group>"; };
		AA9461761CCDF488009C6D56 /* NSObject+MJProperty.m */ = {isa = PBXFileReference; fileEncoding = 4; lastKnownFileType = sourcecode.c.objc; path = "NSObject+MJProperty.m"; sourceTree = "<group>"; };
		AA9461771CCDF488009C6D56 /* NSString+MJExtension.h */ = {isa = PBXFileReference; fileEncoding = 4; lastKnownFileType = sourcecode.c.h; path = "NSString+MJExtension.h"; sourceTree = "<group>"; };
		AA9461781CCDF488009C6D56 /* NSString+MJExtension.m */ = {isa = PBXFileReference; fileEncoding = 4; lastKnownFileType = sourcecode.c.objc; path = "NSString+MJExtension.m"; sourceTree = "<group>"; };
		AA9461861CCDFA09009C6D56 /* motoUtility.h */ = {isa = PBXFileReference; fileEncoding = 4; lastKnownFileType = sourcecode.c.h; path = motoUtility.h; sourceTree = "<group>"; };
		AA9461871CCDFA09009C6D56 /* motoUtility.m */ = {isa = PBXFileReference; fileEncoding = 4; lastKnownFileType = sourcecode.c.objc; path = motoUtility.m; sourceTree = "<group>"; };
		AA94618C1CCDFC28009C6D56 /* validateTool.h */ = {isa = PBXFileReference; fileEncoding = 4; lastKnownFileType = sourcecode.c.h; path = validateTool.h; sourceTree = "<group>"; };
		AA94618D1CCDFC28009C6D56 /* validateTool.m */ = {isa = PBXFileReference; fileEncoding = 4; lastKnownFileType = sourcecode.c.objc; path = validateTool.m; sourceTree = "<group>"; };
		AA9461901CCDFED1009C6D56 /* MKAnnotationView+WebCache.h */ = {isa = PBXFileReference; fileEncoding = 4; lastKnownFileType = sourcecode.c.h; path = "MKAnnotationView+WebCache.h"; sourceTree = "<group>"; };
		AA9461911CCDFED1009C6D56 /* MKAnnotationView+WebCache.m */ = {isa = PBXFileReference; fileEncoding = 4; lastKnownFileType = sourcecode.c.objc; path = "MKAnnotationView+WebCache.m"; sourceTree = "<group>"; };
		AA9461921CCDFED1009C6D56 /* NSData+ImageContentType.h */ = {isa = PBXFileReference; fileEncoding = 4; lastKnownFileType = sourcecode.c.h; path = "NSData+ImageContentType.h"; sourceTree = "<group>"; };
		AA9461931CCDFED1009C6D56 /* NSData+ImageContentType.m */ = {isa = PBXFileReference; fileEncoding = 4; lastKnownFileType = sourcecode.c.objc; path = "NSData+ImageContentType.m"; sourceTree = "<group>"; };
		AA9461941CCDFED1009C6D56 /* SDImageCache.h */ = {isa = PBXFileReference; fileEncoding = 4; lastKnownFileType = sourcecode.c.h; path = SDImageCache.h; sourceTree = "<group>"; };
		AA9461951CCDFED1009C6D56 /* SDImageCache.m */ = {isa = PBXFileReference; fileEncoding = 4; lastKnownFileType = sourcecode.c.objc; path = SDImageCache.m; sourceTree = "<group>"; };
		AA9461961CCDFED1009C6D56 /* SDWebImageCompat.h */ = {isa = PBXFileReference; fileEncoding = 4; lastKnownFileType = sourcecode.c.h; path = SDWebImageCompat.h; sourceTree = "<group>"; };
		AA9461971CCDFED1009C6D56 /* SDWebImageCompat.m */ = {isa = PBXFileReference; fileEncoding = 4; lastKnownFileType = sourcecode.c.objc; path = SDWebImageCompat.m; sourceTree = "<group>"; };
		AA9461981CCDFED1009C6D56 /* SDWebImageDecoder.h */ = {isa = PBXFileReference; fileEncoding = 4; lastKnownFileType = sourcecode.c.h; path = SDWebImageDecoder.h; sourceTree = "<group>"; };
		AA9461991CCDFED1009C6D56 /* SDWebImageDecoder.m */ = {isa = PBXFileReference; fileEncoding = 4; lastKnownFileType = sourcecode.c.objc; path = SDWebImageDecoder.m; sourceTree = "<group>"; };
		AA94619A1CCDFED1009C6D56 /* SDWebImageDownloader.h */ = {isa = PBXFileReference; fileEncoding = 4; lastKnownFileType = sourcecode.c.h; path = SDWebImageDownloader.h; sourceTree = "<group>"; };
		AA94619B1CCDFED1009C6D56 /* SDWebImageDownloader.m */ = {isa = PBXFileReference; fileEncoding = 4; lastKnownFileType = sourcecode.c.objc; path = SDWebImageDownloader.m; sourceTree = "<group>"; };
		AA94619C1CCDFED1009C6D56 /* SDWebImageDownloaderOperation.h */ = {isa = PBXFileReference; fileEncoding = 4; lastKnownFileType = sourcecode.c.h; path = SDWebImageDownloaderOperation.h; sourceTree = "<group>"; };
		AA94619D1CCDFED1009C6D56 /* SDWebImageDownloaderOperation.m */ = {isa = PBXFileReference; fileEncoding = 4; lastKnownFileType = sourcecode.c.objc; path = SDWebImageDownloaderOperation.m; sourceTree = "<group>"; };
		AA94619E1CCDFED1009C6D56 /* SDWebImageManager.h */ = {isa = PBXFileReference; fileEncoding = 4; lastKnownFileType = sourcecode.c.h; path = SDWebImageManager.h; sourceTree = "<group>"; };
		AA94619F1CCDFED1009C6D56 /* SDWebImageManager.m */ = {isa = PBXFileReference; fileEncoding = 4; lastKnownFileType = sourcecode.c.objc; path = SDWebImageManager.m; sourceTree = "<group>"; };
		AA9461A01CCDFED1009C6D56 /* SDWebImageOperation.h */ = {isa = PBXFileReference; fileEncoding = 4; lastKnownFileType = sourcecode.c.h; path = SDWebImageOperation.h; sourceTree = "<group>"; };
		AA9461A11CCDFED1009C6D56 /* SDWebImagePrefetcher.h */ = {isa = PBXFileReference; fileEncoding = 4; lastKnownFileType = sourcecode.c.h; path = SDWebImagePrefetcher.h; sourceTree = "<group>"; };
		AA9461A21CCDFED1009C6D56 /* SDWebImagePrefetcher.m */ = {isa = PBXFileReference; fileEncoding = 4; lastKnownFileType = sourcecode.c.objc; path = SDWebImagePrefetcher.m; sourceTree = "<group>"; };
		AA9461A31CCDFED1009C6D56 /* UIButton+WebCache.h */ = {isa = PBXFileReference; fileEncoding = 4; lastKnownFileType = sourcecode.c.h; path = "UIButton+WebCache.h"; sourceTree = "<group>"; };
		AA9461A41CCDFED1009C6D56 /* UIButton+WebCache.m */ = {isa = PBXFileReference; fileEncoding = 4; lastKnownFileType = sourcecode.c.objc; path = "UIButton+WebCache.m"; sourceTree = "<group>"; };
		AA9461A51CCDFED1009C6D56 /* UIImage+GIF.h */ = {isa = PBXFileReference; fileEncoding = 4; lastKnownFileType = sourcecode.c.h; path = "UIImage+GIF.h"; sourceTree = "<group>"; };
		AA9461A61CCDFED1009C6D56 /* UIImage+GIF.m */ = {isa = PBXFileReference; fileEncoding = 4; lastKnownFileType = sourcecode.c.objc; path = "UIImage+GIF.m"; sourceTree = "<group>"; };
		AA9461A71CCDFED1009C6D56 /* UIImage+MultiFormat.h */ = {isa = PBXFileReference; fileEncoding = 4; lastKnownFileType = sourcecode.c.h; path = "UIImage+MultiFormat.h"; sourceTree = "<group>"; };
		AA9461A81CCDFED1009C6D56 /* UIImage+MultiFormat.m */ = {isa = PBXFileReference; fileEncoding = 4; lastKnownFileType = sourcecode.c.objc; path = "UIImage+MultiFormat.m"; sourceTree = "<group>"; };
		AA9461A91CCDFED1009C6D56 /* UIImage+WebP.h */ = {isa = PBXFileReference; fileEncoding = 4; lastKnownFileType = sourcecode.c.h; path = "UIImage+WebP.h"; sourceTree = "<group>"; };
		AA9461AA1CCDFED1009C6D56 /* UIImage+WebP.m */ = {isa = PBXFileReference; fileEncoding = 4; lastKnownFileType = sourcecode.c.objc; path = "UIImage+WebP.m"; sourceTree = "<group>"; };
		AA9461AB1CCDFED1009C6D56 /* UIImageView+HighlightedWebCache.h */ = {isa = PBXFileReference; fileEncoding = 4; lastKnownFileType = sourcecode.c.h; path = "UIImageView+HighlightedWebCache.h"; sourceTree = "<group>"; };
		AA9461AC1CCDFED1009C6D56 /* UIImageView+HighlightedWebCache.m */ = {isa = PBXFileReference; fileEncoding = 4; lastKnownFileType = sourcecode.c.objc; path = "UIImageView+HighlightedWebCache.m"; sourceTree = "<group>"; };
		AA9461AD1CCDFED1009C6D56 /* UIImageView+WebCache.h */ = {isa = PBXFileReference; fileEncoding = 4; lastKnownFileType = sourcecode.c.h; path = "UIImageView+WebCache.h"; sourceTree = "<group>"; };
		AA9461AE1CCDFED1009C6D56 /* UIImageView+WebCache.m */ = {isa = PBXFileReference; fileEncoding = 4; lastKnownFileType = sourcecode.c.objc; path = "UIImageView+WebCache.m"; sourceTree = "<group>"; };
		AA9461AF1CCDFED1009C6D56 /* UIView+WebCacheOperation.h */ = {isa = PBXFileReference; fileEncoding = 4; lastKnownFileType = sourcecode.c.h; path = "UIView+WebCacheOperation.h"; sourceTree = "<group>"; };
		AA9461B01CCDFED1009C6D56 /* UIView+WebCacheOperation.m */ = {isa = PBXFileReference; fileEncoding = 4; lastKnownFileType = sourcecode.c.objc; path = "UIView+WebCacheOperation.m"; sourceTree = "<group>"; };
		AA9461C21CCE00A9009C6D56 /* MBProgressHUD.h */ = {isa = PBXFileReference; fileEncoding = 4; lastKnownFileType = sourcecode.c.h; path = MBProgressHUD.h; sourceTree = "<group>"; };
		AA9461C31CCE00A9009C6D56 /* MBProgressHUD.m */ = {isa = PBXFileReference; fileEncoding = 4; lastKnownFileType = sourcecode.c.objc; path = MBProgressHUD.m; sourceTree = "<group>"; };
		AA9461C71CCE02BA009C6D56 /* IQNSArray+Sort.h */ = {isa = PBXFileReference; fileEncoding = 4; lastKnownFileType = sourcecode.c.h; path = "IQNSArray+Sort.h"; sourceTree = "<group>"; };
		AA9461C81CCE02BA009C6D56 /* IQNSArray+Sort.m */ = {isa = PBXFileReference; fileEncoding = 4; lastKnownFileType = sourcecode.c.objc; path = "IQNSArray+Sort.m"; sourceTree = "<group>"; };
		AA9461C91CCE02BA009C6D56 /* IQUIScrollView+Additions.h */ = {isa = PBXFileReference; fileEncoding = 4; lastKnownFileType = sourcecode.c.h; path = "IQUIScrollView+Additions.h"; sourceTree = "<group>"; };
		AA9461CA1CCE02BA009C6D56 /* IQUIScrollView+Additions.m */ = {isa = PBXFileReference; fileEncoding = 4; lastKnownFileType = sourcecode.c.objc; path = "IQUIScrollView+Additions.m"; sourceTree = "<group>"; };
		AA9461CB1CCE02BA009C6D56 /* IQUITextFieldView+Additions.h */ = {isa = PBXFileReference; fileEncoding = 4; lastKnownFileType = sourcecode.c.h; path = "IQUITextFieldView+Additions.h"; sourceTree = "<group>"; };
		AA9461CC1CCE02BA009C6D56 /* IQUITextFieldView+Additions.m */ = {isa = PBXFileReference; fileEncoding = 4; lastKnownFileType = sourcecode.c.objc; path = "IQUITextFieldView+Additions.m"; sourceTree = "<group>"; };
		AA9461CD1CCE02BA009C6D56 /* IQUIView+Hierarchy.h */ = {isa = PBXFileReference; fileEncoding = 4; lastKnownFileType = sourcecode.c.h; path = "IQUIView+Hierarchy.h"; sourceTree = "<group>"; };
		AA9461CE1CCE02BA009C6D56 /* IQUIView+Hierarchy.m */ = {isa = PBXFileReference; fileEncoding = 4; lastKnownFileType = sourcecode.c.objc; path = "IQUIView+Hierarchy.m"; sourceTree = "<group>"; };
		AA9461CF1CCE02BA009C6D56 /* IQUIViewController+Additions.h */ = {isa = PBXFileReference; fileEncoding = 4; lastKnownFileType = sourcecode.c.h; path = "IQUIViewController+Additions.h"; sourceTree = "<group>"; };
		AA9461D01CCE02BA009C6D56 /* IQUIViewController+Additions.m */ = {isa = PBXFileReference; fileEncoding = 4; lastKnownFileType = sourcecode.c.objc; path = "IQUIViewController+Additions.m"; sourceTree = "<group>"; };
		AA9461D11CCE02BA009C6D56 /* IQUIWindow+Hierarchy.h */ = {isa = PBXFileReference; fileEncoding = 4; lastKnownFileType = sourcecode.c.h; path = "IQUIWindow+Hierarchy.h"; sourceTree = "<group>"; };
		AA9461D21CCE02BA009C6D56 /* IQUIWindow+Hierarchy.m */ = {isa = PBXFileReference; fileEncoding = 4; lastKnownFileType = sourcecode.c.objc; path = "IQUIWindow+Hierarchy.m"; sourceTree = "<group>"; };
		AA9461D41CCE02BA009C6D56 /* IQKeyboardManagerConstants.h */ = {isa = PBXFileReference; fileEncoding = 4; lastKnownFileType = sourcecode.c.h; path = IQKeyboardManagerConstants.h; sourceTree = "<group>"; };
		AA9461D51CCE02BA009C6D56 /* IQKeyboardManagerConstantsInternal.h */ = {isa = PBXFileReference; fileEncoding = 4; lastKnownFileType = sourcecode.c.h; path = IQKeyboardManagerConstantsInternal.h; sourceTree = "<group>"; };
		AA9461D61CCE02BA009C6D56 /* IQKeyboardManager.h */ = {isa = PBXFileReference; fileEncoding = 4; lastKnownFileType = sourcecode.c.h; path = IQKeyboardManager.h; sourceTree = "<group>"; };
		AA9461D71CCE02BA009C6D56 /* IQKeyboardManager.m */ = {isa = PBXFileReference; fileEncoding = 4; lastKnownFileType = sourcecode.c.objc; path = IQKeyboardManager.m; sourceTree = "<group>"; };
		AA9461D81CCE02BA009C6D56 /* IQKeyboardReturnKeyHandler.h */ = {isa = PBXFileReference; fileEncoding = 4; lastKnownFileType = sourcecode.c.h; path = IQKeyboardReturnKeyHandler.h; sourceTree = "<group>"; };
		AA9461D91CCE02BA009C6D56 /* IQKeyboardReturnKeyHandler.m */ = {isa = PBXFileReference; fileEncoding = 4; lastKnownFileType = sourcecode.c.objc; path = IQKeyboardReturnKeyHandler.m; sourceTree = "<group>"; };
		AA9461DB1CCE02BA009C6D56 /* IQTextView.h */ = {isa = PBXFileReference; fileEncoding = 4; lastKnownFileType = sourcecode.c.h; path = IQTextView.h; sourceTree = "<group>"; };
		AA9461DC1CCE02BA009C6D56 /* IQTextView.m */ = {isa = PBXFileReference; fileEncoding = 4; lastKnownFileType = sourcecode.c.objc; path = IQTextView.m; sourceTree = "<group>"; };
		AA9461DE1CCE02BA009C6D56 /* IQBarButtonItem.h */ = {isa = PBXFileReference; fileEncoding = 4; lastKnownFileType = sourcecode.c.h; path = IQBarButtonItem.h; sourceTree = "<group>"; };
		AA9461DF1CCE02BA009C6D56 /* IQBarButtonItem.m */ = {isa = PBXFileReference; fileEncoding = 4; lastKnownFileType = sourcecode.c.objc; path = IQBarButtonItem.m; sourceTree = "<group>"; };
		AA9461E01CCE02BA009C6D56 /* IQPreviousNextView.h */ = {isa = PBXFileReference; fileEncoding = 4; lastKnownFileType = sourcecode.c.h; path = IQPreviousNextView.h; sourceTree = "<group>"; };
		AA9461E11CCE02BA009C6D56 /* IQPreviousNextView.m */ = {isa = PBXFileReference; fileEncoding = 4; lastKnownFileType = sourcecode.c.objc; path = IQPreviousNextView.m; sourceTree = "<group>"; };
		AA9461E21CCE02BA009C6D56 /* IQTitleBarButtonItem.h */ = {isa = PBXFileReference; fileEncoding = 4; lastKnownFileType = sourcecode.c.h; path = IQTitleBarButtonItem.h; sourceTree = "<group>"; };
		AA9461E31CCE02BA009C6D56 /* IQTitleBarButtonItem.m */ = {isa = PBXFileReference; fileEncoding = 4; lastKnownFileType = sourcecode.c.objc; path = IQTitleBarButtonItem.m; sourceTree = "<group>"; };
		AA9461E41CCE02BA009C6D56 /* IQToolbar.h */ = {isa = PBXFileReference; fileEncoding = 4; lastKnownFileType = sourcecode.c.h; path = IQToolbar.h; sourceTree = "<group>"; };
		AA9461E51CCE02BA009C6D56 /* IQToolbar.m */ = {isa = PBXFileReference; fileEncoding = 4; lastKnownFileType = sourcecode.c.objc; path = IQToolbar.m; sourceTree = "<group>"; };
		AA9461E61CCE02BA009C6D56 /* IQUIView+IQKeyboardToolbar.h */ = {isa = PBXFileReference; fileEncoding = 4; lastKnownFileType = sourcecode.c.h; path = "IQUIView+IQKeyboardToolbar.h"; sourceTree = "<group>"; };
		AA9461E71CCE02BA009C6D56 /* IQUIView+IQKeyboardToolbar.m */ = {isa = PBXFileReference; fileEncoding = 4; lastKnownFileType = sourcecode.c.objc; path = "IQUIView+IQKeyboardToolbar.m"; sourceTree = "<group>"; };
		AA9461E81CCE02BA009C6D56 /* KeyboardManager.h */ = {isa = PBXFileReference; fileEncoding = 4; lastKnownFileType = sourcecode.c.h; path = KeyboardManager.h; sourceTree = "<group>"; };
		AA9461EA1CCE02BA009C6D56 /* IQKeyboardManager.bundle */ = {isa = PBXFileReference; lastKnownFileType = "wrapper.plug-in"; path = IQKeyboardManager.bundle; sourceTree = "<group>"; };
		AA9461FB1CCE0A54009C6D56 /* RDVTabBar.h */ = {isa = PBXFileReference; fileEncoding = 4; lastKnownFileType = sourcecode.c.h; path = RDVTabBar.h; sourceTree = "<group>"; };
		AA9461FC1CCE0A54009C6D56 /* RDVTabBar.m */ = {isa = PBXFileReference; fileEncoding = 4; lastKnownFileType = sourcecode.c.objc; path = RDVTabBar.m; sourceTree = "<group>"; };
		AA9461FD1CCE0A54009C6D56 /* RDVTabBarController.h */ = {isa = PBXFileReference; fileEncoding = 4; lastKnownFileType = sourcecode.c.h; path = RDVTabBarController.h; sourceTree = "<group>"; };
		AA9461FE1CCE0A54009C6D56 /* RDVTabBarController.m */ = {isa = PBXFileReference; fileEncoding = 4; lastKnownFileType = sourcecode.c.objc; path = RDVTabBarController.m; sourceTree = "<group>"; };
		AA9461FF1CCE0A54009C6D56 /* RDVTabBarItem.h */ = {isa = PBXFileReference; fileEncoding = 4; lastKnownFileType = sourcecode.c.h; path = RDVTabBarItem.h; sourceTree = "<group>"; };
		AA9462001CCE0A54009C6D56 /* RDVTabBarItem.m */ = {isa = PBXFileReference; fileEncoding = 4; lastKnownFileType = sourcecode.c.objc; path = RDVTabBarItem.m; sourceTree = "<group>"; };
		AACC9FA51CCB477A0001FF9B /* motoHome.app */ = {isa = PBXFileReference; explicitFileType = wrapper.application; includeInIndex = 0; path = motoHome.app; sourceTree = BUILT_PRODUCTS_DIR; };
		AACC9FA91CCB477A0001FF9B /* main.m */ = {isa = PBXFileReference; lastKnownFileType = sourcecode.c.objc; path = main.m; sourceTree = "<group>"; };
		AACC9FAB1CCB477A0001FF9B /* AppDelegate.h */ = {isa = PBXFileReference; lastKnownFileType = sourcecode.c.h; path = AppDelegate.h; sourceTree = "<group>"; };
		AACC9FAC1CCB477A0001FF9B /* AppDelegate.m */ = {isa = PBXFileReference; lastKnownFileType = sourcecode.c.objc; path = AppDelegate.m; sourceTree = "<group>"; };
		AACC9FAE1CCB477A0001FF9B /* ViewController.h */ = {isa = PBXFileReference; lastKnownFileType = sourcecode.c.h; path = ViewController.h; sourceTree = "<group>"; };
		AACC9FAF1CCB477A0001FF9B /* ViewController.m */ = {isa = PBXFileReference; lastKnownFileType = sourcecode.c.objc; path = ViewController.m; sourceTree = "<group>"; };
		AACC9FB21CCB477A0001FF9B /* Base */ = {isa = PBXFileReference; lastKnownFileType = file.storyboard; name = Base; path = Base.lproj/Main.storyboard; sourceTree = "<group>"; };
		AACC9FB51CCB477A0001FF9B /* motoHome.xcdatamodel */ = {isa = PBXFileReference; lastKnownFileType = wrapper.xcdatamodel; path = motoHome.xcdatamodel; sourceTree = "<group>"; };
		AACC9FB71CCB477A0001FF9B /* Assets.xcassets */ = {isa = PBXFileReference; lastKnownFileType = folder.assetcatalog; path = Assets.xcassets; sourceTree = "<group>"; };
		AACC9FBA1CCB477A0001FF9B /* Base */ = {isa = PBXFileReference; lastKnownFileType = file.storyboard; name = Base; path = Base.lproj/LaunchScreen.storyboard; sourceTree = "<group>"; };
		AACC9FBC1CCB477A0001FF9B /* Info.plist */ = {isa = PBXFileReference; lastKnownFileType = text.plist.xml; path = Info.plist; sourceTree = "<group>"; };
		AACC9FC11CCB477A0001FF9B /* motoHomeTests.xctest */ = {isa = PBXFileReference; explicitFileType = wrapper.cfbundle; includeInIndex = 0; path = motoHomeTests.xctest; sourceTree = BUILT_PRODUCTS_DIR; };
		AACC9FC51CCB477B0001FF9B /* motoHomeTests.m */ = {isa = PBXFileReference; lastKnownFileType = sourcecode.c.objc; path = motoHomeTests.m; sourceTree = "<group>"; };
		AACC9FC71CCB477B0001FF9B /* Info.plist */ = {isa = PBXFileReference; lastKnownFileType = text.plist.xml; path = Info.plist; sourceTree = "<group>"; };
		AACC9FCC1CCB477B0001FF9B /* motoHomeUITests.xctest */ = {isa = PBXFileReference; explicitFileType = wrapper.cfbundle; includeInIndex = 0; path = motoHomeUITests.xctest; sourceTree = BUILT_PRODUCTS_DIR; };
		AACC9FD01CCB477B0001FF9B /* motoHomeUITests.m */ = {isa = PBXFileReference; lastKnownFileType = sourcecode.c.objc; path = motoHomeUITests.m; sourceTree = "<group>"; };
		AACC9FD21CCB477B0001FF9B /* Info.plist */ = {isa = PBXFileReference; lastKnownFileType = text.plist.xml; path = Info.plist; sourceTree = "<group>"; };
		AACC9FDE1CCB48A80001FF9B /* PrefixHeader.pch */ = {isa = PBXFileReference; lastKnownFileType = sourcecode.c.h; path = PrefixHeader.pch; sourceTree = "<group>"; };
		AACC9FE31CCB4D450001FF9B /* UIKit.framework */ = {isa = PBXFileReference; lastKnownFileType = wrapper.framework; name = UIKit.framework; path = System/Library/Frameworks/UIKit.framework; sourceTree = SDKROOT; };
		AACC9FE51CCB4D4D0001FF9B /* OpenGLES.framework */ = {isa = PBXFileReference; lastKnownFileType = wrapper.framework; name = OpenGLES.framework; path = System/Library/Frameworks/OpenGLES.framework; sourceTree = SDKROOT; };
		AACC9FE71CCB4D570001FF9B /* Security.framework */ = {isa = PBXFileReference; lastKnownFileType = wrapper.framework; name = Security.framework; path = System/Library/Frameworks/Security.framework; sourceTree = SDKROOT; };
		AACC9FE91CCB4D640001FF9B /* AVFoundation.framework */ = {isa = PBXFileReference; lastKnownFileType = wrapper.framework; name = AVFoundation.framework; path = System/Library/Frameworks/AVFoundation.framework; sourceTree = SDKROOT; };
		AACC9FEB1CCB4D6A0001FF9B /* LocalAuthentication.framework */ = {isa = PBXFileReference; lastKnownFileType = wrapper.framework; name = LocalAuthentication.framework; path = System/Library/Frameworks/LocalAuthentication.framework; sourceTree = SDKROOT; };
		AACC9FED1CCB4D840001FF9B /* Foundation.framework */ = {isa = PBXFileReference; lastKnownFileType = wrapper.framework; name = Foundation.framework; path = System/Library/Frameworks/Foundation.framework; sourceTree = SDKROOT; };
		AACC9FEF1CCB4D8A0001FF9B /* SystemConfiguration.framework */ = {isa = PBXFileReference; lastKnownFileType = wrapper.framework; name = SystemConfiguration.framework; path = System/Library/Frameworks/SystemConfiguration.framework; sourceTree = SDKROOT; };
		AACC9FF11CCB4D9C0001FF9B /* CoreGraphics.framework */ = {isa = PBXFileReference; lastKnownFileType = wrapper.framework; name = CoreGraphics.framework; path = System/Library/Frameworks/CoreGraphics.framework; sourceTree = SDKROOT; };
/* End PBXFileReference section */

/* Begin PBXFrameworksBuildPhase section */
		AACC9FA21CCB477A0001FF9B /* Frameworks */ = {
			isa = PBXFrameworksBuildPhase;
			buildActionMask = 2147483647;
			files = (
				AACC9FF21CCB4D9C0001FF9B /* CoreGraphics.framework in Frameworks */,
				AACC9FE81CCB4D570001FF9B /* Security.framework in Frameworks */,
				AACC9FF01CCB4D8A0001FF9B /* SystemConfiguration.framework in Frameworks */,
				AACC9FEE1CCB4D840001FF9B /* Foundation.framework in Frameworks */,
				AACC9FEC1CCB4D6A0001FF9B /* LocalAuthentication.framework in Frameworks */,
				AACC9FEA1CCB4D640001FF9B /* AVFoundation.framework in Frameworks */,
				AACC9FE61CCB4D4D0001FF9B /* OpenGLES.framework in Frameworks */,
				AACC9FE41CCB4D450001FF9B /* UIKit.framework in Frameworks */,
			);
			runOnlyForDeploymentPostprocessing = 0;
		};
		AACC9FBE1CCB477A0001FF9B /* Frameworks */ = {
			isa = PBXFrameworksBuildPhase;
			buildActionMask = 2147483647;
			files = (
			);
			runOnlyForDeploymentPostprocessing = 0;
		};
		AACC9FC91CCB477B0001FF9B /* Frameworks */ = {
			isa = PBXFrameworksBuildPhase;
			buildActionMask = 2147483647;
			files = (
			);
			runOnlyForDeploymentPostprocessing = 0;
		};
/* End PBXFrameworksBuildPhase section */

/* Begin PBXGroup section */
		AA94610C1CCDB754009C6D56 /* UIKit+AFNetworking */ = {
			isa = PBXGroup;
			children = (
				AA94610D1CCDB754009C6D56 /* AFAutoPurgingImageCache.h */,
				AA94610E1CCDB754009C6D56 /* AFAutoPurgingImageCache.m */,
				AA94610F1CCDB754009C6D56 /* AFImageDownloader.h */,
				AA9461101CCDB754009C6D56 /* AFImageDownloader.m */,
				AA9461111CCDB754009C6D56 /* AFNetworkActivityIndicatorManager.h */,
				AA9461121CCDB754009C6D56 /* AFNetworkActivityIndicatorManager.m */,
				AA9461131CCDB754009C6D56 /* UIActivityIndicatorView+AFNetworking.h */,
				AA9461141CCDB754009C6D56 /* UIActivityIndicatorView+AFNetworking.m */,
				AA9461151CCDB754009C6D56 /* UIButton+AFNetworking.h */,
				AA9461161CCDB754009C6D56 /* UIButton+AFNetworking.m */,
				AA9461171CCDB754009C6D56 /* UIImage+AFNetworking.h */,
				AA9461181CCDB754009C6D56 /* UIImageView+AFNetworking.h */,
				AA9461191CCDB754009C6D56 /* UIImageView+AFNetworking.m */,
				AA94611A1CCDB754009C6D56 /* UIKit+AFNetworking.h */,
				AA94611B1CCDB754009C6D56 /* UIProgressView+AFNetworking.h */,
				AA94611C1CCDB754009C6D56 /* UIProgressView+AFNetworking.m */,
				AA94611D1CCDB754009C6D56 /* UIRefreshControl+AFNetworking.h */,
				AA94611E1CCDB754009C6D56 /* UIRefreshControl+AFNetworking.m */,
				AA94611F1CCDB754009C6D56 /* UIWebView+AFNetworking.h */,
				AA9461201CCDB754009C6D56 /* UIWebView+AFNetworking.m */,
			);
			path = "UIKit+AFNetworking";
			sourceTree = "<group>";
		};
		AA94612A1CCDB75A009C6D56 /* AFNetworking */ = {
			isa = PBXGroup;
			children = (
				AA94612B1CCDB75A009C6D56 /* AFHTTPSessionManager.h */,
				AA94612C1CCDB75A009C6D56 /* AFHTTPSessionManager.m */,
				AA94612D1CCDB75A009C6D56 /* AFNetworking.h */,
				AA94612E1CCDB75A009C6D56 /* AFNetworkReachabilityManager.h */,
				AA94612F1CCDB75A009C6D56 /* AFNetworkReachabilityManager.m */,
				AA9461301CCDB75A009C6D56 /* AFSecurityPolicy.h */,
				AA9461311CCDB75A009C6D56 /* AFSecurityPolicy.m */,
				AA9461321CCDB75A009C6D56 /* AFURLRequestSerialization.h */,
				AA9461331CCDB75A009C6D56 /* AFURLRequestSerialization.m */,
				AA9461341CCDB75A009C6D56 /* AFURLResponseSerialization.h */,
				AA9461351CCDB75A009C6D56 /* AFURLResponseSerialization.m */,
				AA9461361CCDB75A009C6D56 /* AFURLSessionManager.h */,
				AA9461371CCDB75A009C6D56 /* AFURLSessionManager.m */,
			);
			path = AFNetworking;
			sourceTree = "<group>";
		};
		AA94613E1CCDBF8A009C6D56 /* Config */ = {
			isa = PBXGroup;
			children = (
				AA94613F1CCDBFAF009C6D56 /* BaseLoadData.h */,
			);
			name = Config;
			sourceTree = "<group>";
		};
		AA9461421CCDC2D1009C6D56 /* JSONModel */ = {
			isa = PBXGroup;
			children = (
				AA9461461CCDC300009C6D56 /* JSONModelLib.h */,
				AA9461431CCDC2E2009C6D56 /* JSONModel */,
				AA9461441CCDC2EA009C6D56 /* JSONModelNetworking */,
				AA9461451CCDC2F1009C6D56 /* JSONModelTransformations */,
			);
			name = JSONModel;
			sourceTree = "<group>";
		};
		AA9461431CCDC2E2009C6D56 /* JSONModel */ = {
			isa = PBXGroup;
			children = (
				AA9461471CCDC307009C6D56 /* JSONModel.h */,
				AA9461481CCDC307009C6D56 /* JSONModel.m */,
				AA9461491CCDC307009C6D56 /* JSONModelClassProperty.h */,
				AA94614A1CCDC307009C6D56 /* JSONModelClassProperty.m */,
				AA94614B1CCDC307009C6D56 /* JSONModelError.h */,
				AA94614C1CCDC307009C6D56 /* JSONModelError.m */,
			);
			name = JSONModel;
			sourceTree = "<group>";
		};
		AA9461441CCDC2EA009C6D56 /* JSONModelNetworking */ = {
			isa = PBXGroup;
			children = (
				AA9461501CCDC315009C6D56 /* JSONAPI.h */,
				AA9461511CCDC315009C6D56 /* JSONAPI.m */,
				AA9461521CCDC315009C6D56 /* JSONHTTPClient.h */,
				AA9461531CCDC315009C6D56 /* JSONHTTPClient.m */,
				AA9461541CCDC315009C6D56 /* JSONModel+networking.h */,
				AA9461551CCDC315009C6D56 /* JSONModel+networking.m */,
			);
			name = JSONModelNetworking;
			sourceTree = "<group>";
		};
		AA9461451CCDC2F1009C6D56 /* JSONModelTransformations */ = {
			isa = PBXGroup;
			children = (
				AA9461591CCDC31B009C6D56 /* JSONKeyMapper.h */,
				AA94615A1CCDC31B009C6D56 /* JSONKeyMapper.m */,
				AA94615B1CCDC31B009C6D56 /* JSONValueTransformer.h */,
				AA94615C1CCDC31B009C6D56 /* JSONValueTransformer.m */,
			);
			name = JSONModelTransformations;
			sourceTree = "<group>";
		};
		AA94615F1CCDC33B009C6D56 /* Model */ = {
			isa = PBXGroup;
			children = (
				AA9461601CCDC499009C6D56 /* BulletinInfo.h */,
				AA9461611CCDC499009C6D56 /* BulletinInfo.m */,
			);
			name = Model;
			sourceTree = "<group>";
		};
		AA9461631CCDF488009C6D56 /* MJExtension */ = {
			isa = PBXGroup;
			children = (
				AA9461641CCDF488009C6D56 /* MJExtension.h */,
				AA9461651CCDF488009C6D56 /* MJExtensionConst.h */,
				AA9461661CCDF488009C6D56 /* MJExtensionConst.m */,
				AA9461671CCDF488009C6D56 /* MJFoundation.h */,
				AA9461681CCDF488009C6D56 /* MJFoundation.m */,
				AA9461691CCDF488009C6D56 /* MJProperty.h */,
				AA94616A1CCDF488009C6D56 /* MJProperty.m */,
				AA94616B1CCDF488009C6D56 /* MJPropertyKey.h */,
				AA94616C1CCDF488009C6D56 /* MJPropertyKey.m */,
				AA94616D1CCDF488009C6D56 /* MJPropertyType.h */,
				AA94616E1CCDF488009C6D56 /* MJPropertyType.m */,
				AA94616F1CCDF488009C6D56 /* NSObject+MJClass.h */,
				AA9461701CCDF488009C6D56 /* NSObject+MJClass.m */,
				AA9461711CCDF488009C6D56 /* NSObject+MJCoding.h */,
				AA9461721CCDF488009C6D56 /* NSObject+MJCoding.m */,
				AA9461731CCDF488009C6D56 /* NSObject+MJKeyValue.h */,
				AA9461741CCDF488009C6D56 /* NSObject+MJKeyValue.m */,
				AA9461751CCDF488009C6D56 /* NSObject+MJProperty.h */,
				AA9461761CCDF488009C6D56 /* NSObject+MJProperty.m */,
				AA9461771CCDF488009C6D56 /* NSString+MJExtension.h */,
				AA9461781CCDF488009C6D56 /* NSString+MJExtension.m */,
			);
			path = MJExtension;
			sourceTree = "<group>";
		};
		AA9461831CCDF63D009C6D56 /* View */ = {
			isa = PBXGroup;
			children = (
			);
			name = View;
			sourceTree = "<group>";
		};
		AA9461841CCDF6B1009C6D56 /* Service */ = {
			isa = PBXGroup;
			children = (
			);
			name = Service;
			sourceTree = "<group>";
		};
		AA9461851CCDF70E009C6D56 /* Custom */ = {
			isa = PBXGroup;
			children = (
				AA94613E1CCDBF8A009C6D56 /* Config */,
				AA9461861CCDFA09009C6D56 /* motoUtility.h */,
				AA9461871CCDFA09009C6D56 /* motoUtility.m */,
				AA94618C1CCDFC28009C6D56 /* validateTool.h */,
				AA94618D1CCDFC28009C6D56 /* validateTool.m */,
			);
			name = Custom;
			sourceTree = "<group>";
		};
		AA94618F1CCDFED1009C6D56 /* SDWebImage */ = {
			isa = PBXGroup;
			children = (
				AA9461901CCDFED1009C6D56 /* MKAnnotationView+WebCache.h */,
				AA9461911CCDFED1009C6D56 /* MKAnnotationView+WebCache.m */,
				AA9461921CCDFED1009C6D56 /* NSData+ImageContentType.h */,
				AA9461931CCDFED1009C6D56 /* NSData+ImageContentType.m */,
				AA9461941CCDFED1009C6D56 /* SDImageCache.h */,
				AA9461951CCDFED1009C6D56 /* SDImageCache.m */,
				AA9461961CCDFED1009C6D56 /* SDWebImageCompat.h */,
				AA9461971CCDFED1009C6D56 /* SDWebImageCompat.m */,
				AA9461981CCDFED1009C6D56 /* SDWebImageDecoder.h */,
				AA9461991CCDFED1009C6D56 /* SDWebImageDecoder.m */,
				AA94619A1CCDFED1009C6D56 /* SDWebImageDownloader.h */,
				AA94619B1CCDFED1009C6D56 /* SDWebImageDownloader.m */,
				AA94619C1CCDFED1009C6D56 /* SDWebImageDownloaderOperation.h */,
				AA94619D1CCDFED1009C6D56 /* SDWebImageDownloaderOperation.m */,
				AA94619E1CCDFED1009C6D56 /* SDWebImageManager.h */,
				AA94619F1CCDFED1009C6D56 /* SDWebImageManager.m */,
				AA9461A01CCDFED1009C6D56 /* SDWebImageOperation.h */,
				AA9461A11CCDFED1009C6D56 /* SDWebImagePrefetcher.h */,
				AA9461A21CCDFED1009C6D56 /* SDWebImagePrefetcher.m */,
				AA9461A31CCDFED1009C6D56 /* UIButton+WebCache.h */,
				AA9461A41CCDFED1009C6D56 /* UIButton+WebCache.m */,
				AA9461A51CCDFED1009C6D56 /* UIImage+GIF.h */,
				AA9461A61CCDFED1009C6D56 /* UIImage+GIF.m */,
				AA9461A71CCDFED1009C6D56 /* UIImage+MultiFormat.h */,
				AA9461A81CCDFED1009C6D56 /* UIImage+MultiFormat.m */,
				AA9461A91CCDFED1009C6D56 /* UIImage+WebP.h */,
				AA9461AA1CCDFED1009C6D56 /* UIImage+WebP.m */,
				AA9461AB1CCDFED1009C6D56 /* UIImageView+HighlightedWebCache.h */,
				AA9461AC1CCDFED1009C6D56 /* UIImageView+HighlightedWebCache.m */,
				AA9461AD1CCDFED1009C6D56 /* UIImageView+WebCache.h */,
				AA9461AE1CCDFED1009C6D56 /* UIImageView+WebCache.m */,
				AA9461AF1CCDFED1009C6D56 /* UIView+WebCacheOperation.h */,
				AA9461B01CCDFED1009C6D56 /* UIView+WebCacheOperation.m */,
			);
			path = SDWebImage;
			sourceTree = "<group>";
		};
		AA9461C11CCE0097009C6D56 /* MBProgressHUD */ = {
			isa = PBXGroup;
			children = (
				AA9461C21CCE00A9009C6D56 /* MBProgressHUD.h */,
				AA9461C31CCE00A9009C6D56 /* MBProgressHUD.m */,
			);
			name = MBProgressHUD;
			sourceTree = "<group>";
		};
		AA9461C51CCE02BA009C6D56 /* IQKeyboardManager */ = {
			isa = PBXGroup;
			children = (
				AA9461E81CCE02BA009C6D56 /* KeyboardManager.h */,
				AA9461D61CCE02BA009C6D56 /* IQKeyboardManager.h */,
				AA9461D71CCE02BA009C6D56 /* IQKeyboardManager.m */,
				AA9461D81CCE02BA009C6D56 /* IQKeyboardReturnKeyHandler.h */,
				AA9461D91CCE02BA009C6D56 /* IQKeyboardReturnKeyHandler.m */,
				AA9461C61CCE02BA009C6D56 /* Categories */,
				AA9461D31CCE02BA009C6D56 /* Constants */,
				AA9461DA1CCE02BA009C6D56 /* IQTextView */,
				AA9461DD1CCE02BA009C6D56 /* IQToolbar */,
				AA9461E91CCE02BA009C6D56 /* Resources */,
			);
			path = IQKeyboardManager;
			sourceTree = "<group>";
		};
		AA9461C61CCE02BA009C6D56 /* Categories */ = {
			isa = PBXGroup;
			children = (
				AA9461C71CCE02BA009C6D56 /* IQNSArray+Sort.h */,
				AA9461C81CCE02BA009C6D56 /* IQNSArray+Sort.m */,
				AA9461C91CCE02BA009C6D56 /* IQUIScrollView+Additions.h */,
				AA9461CA1CCE02BA009C6D56 /* IQUIScrollView+Additions.m */,
				AA9461CB1CCE02BA009C6D56 /* IQUITextFieldView+Additions.h */,
				AA9461CC1CCE02BA009C6D56 /* IQUITextFieldView+Additions.m */,
				AA9461CD1CCE02BA009C6D56 /* IQUIView+Hierarchy.h */,
				AA9461CE1CCE02BA009C6D56 /* IQUIView+Hierarchy.m */,
				AA9461CF1CCE02BA009C6D56 /* IQUIViewController+Additions.h */,
				AA9461D01CCE02BA009C6D56 /* IQUIViewController+Additions.m */,
				AA9461D11CCE02BA009C6D56 /* IQUIWindow+Hierarchy.h */,
				AA9461D21CCE02BA009C6D56 /* IQUIWindow+Hierarchy.m */,
			);
			path = Categories;
			sourceTree = "<group>";
		};
		AA9461D31CCE02BA009C6D56 /* Constants */ = {
			isa = PBXGroup;
			children = (
				AA9461D41CCE02BA009C6D56 /* IQKeyboardManagerConstants.h */,
				AA9461D51CCE02BA009C6D56 /* IQKeyboardManagerConstantsInternal.h */,
			);
			path = Constants;
			sourceTree = "<group>";
		};
		AA9461DA1CCE02BA009C6D56 /* IQTextView */ = {
			isa = PBXGroup;
			children = (
				AA9461DB1CCE02BA009C6D56 /* IQTextView.h */,
				AA9461DC1CCE02BA009C6D56 /* IQTextView.m */,
			);
			path = IQTextView;
			sourceTree = "<group>";
		};
		AA9461DD1CCE02BA009C6D56 /* IQToolbar */ = {
			isa = PBXGroup;
			children = (
				AA9461DE1CCE02BA009C6D56 /* IQBarButtonItem.h */,
				AA9461DF1CCE02BA009C6D56 /* IQBarButtonItem.m */,
				AA9461E01CCE02BA009C6D56 /* IQPreviousNextView.h */,
				AA9461E11CCE02BA009C6D56 /* IQPreviousNextView.m */,
				AA9461E21CCE02BA009C6D56 /* IQTitleBarButtonItem.h */,
				AA9461E31CCE02BA009C6D56 /* IQTitleBarButtonItem.m */,
				AA9461E41CCE02BA009C6D56 /* IQToolbar.h */,
				AA9461E51CCE02BA009C6D56 /* IQToolbar.m */,
				AA9461E61CCE02BA009C6D56 /* IQUIView+IQKeyboardToolbar.h */,
				AA9461E71CCE02BA009C6D56 /* IQUIView+IQKeyboardToolbar.m */,
			);
			path = IQToolbar;
			sourceTree = "<group>";
		};
		AA9461E91CCE02BA009C6D56 /* Resources */ = {
			isa = PBXGroup;
			children = (
				AA9461EA1CCE02BA009C6D56 /* IQKeyboardManager.bundle */,
			);
			path = Resources;
			sourceTree = "<group>";
		};
		AA9461FA1CCE0A54009C6D56 /* RDVTabBarController */ = {
			isa = PBXGroup;
			children = (
				AA9461FB1CCE0A54009C6D56 /* RDVTabBar.h */,
				AA9461FC1CCE0A54009C6D56 /* RDVTabBar.m */,
				AA9461FD1CCE0A54009C6D56 /* RDVTabBarController.h */,
				AA9461FE1CCE0A54009C6D56 /* RDVTabBarController.m */,
				AA9461FF1CCE0A54009C6D56 /* RDVTabBarItem.h */,
				AA9462001CCE0A54009C6D56 /* RDVTabBarItem.m */,
			);
			path = RDVTabBarController;
			sourceTree = "<group>";
		};
		AACC9F9C1CCB477A0001FF9B = {
			isa = PBXGroup;
			children = (
				AACC9FA71CCB477A0001FF9B /* motoHome */,
				AACC9FE01CCB4AB00001FF9B /* framework */,
				AACC9FC41CCB477B0001FF9B /* motoHomeTests */,
				AACC9FCF1CCB477B0001FF9B /* motoHomeUITests */,
				AACC9FA61CCB477A0001FF9B /* Products */,
			);
			sourceTree = "<group>";
		};
		AACC9FA61CCB477A0001FF9B /* Products */ = {
			isa = PBXGroup;
			children = (
				AACC9FA51CCB477A0001FF9B /* motoHome.app */,
				AACC9FC11CCB477A0001FF9B /* motoHomeTests.xctest */,
				AACC9FCC1CCB477B0001FF9B /* motoHomeUITests.xctest */,
			);
			name = Products;
			sourceTree = "<group>";
		};
		AACC9FA71CCB477A0001FF9B /* motoHome */ = {
			isa = PBXGroup;
			children = (
				AA9461831CCDF63D009C6D56 /* View */,
				AA94615F1CCDC33B009C6D56 /* Model */,
				AA9461841CCDF6B1009C6D56 /* Service */,
				AA9461851CCDF70E009C6D56 /* Custom */,
				AACC9FDF1CCB48FE0001FF9B /* Vendors */,
				AACC9FAB1CCB477A0001FF9B /* AppDelegate.h */,
				AACC9FAC1CCB477A0001FF9B /* AppDelegate.m */,
				AACC9FAE1CCB477A0001FF9B /* ViewController.h */,
				AACC9FAF1CCB477A0001FF9B /* ViewController.m */,
				AACC9FB11CCB477A0001FF9B /* Main.storyboard */,
				AACC9FB71CCB477A0001FF9B /* Assets.xcassets */,
				AACC9FB91CCB477A0001FF9B /* LaunchScreen.storyboard */,
				AACC9FA81CCB477A0001FF9B /* Supporting Files */,
			);
			path = motoHome;
			sourceTree = "<group>";
		};
		AACC9FA81CCB477A0001FF9B /* Supporting Files */ = {
			isa = PBXGroup;
			children = (
				AACC9FA91CCB477A0001FF9B /* main.m */,
				AACC9FBC1CCB477A0001FF9B /* Info.plist */,
				AACC9FDE1CCB48A80001FF9B /* PrefixHeader.pch */,
				AACC9FB41CCB477A0001FF9B /* motoHome.xcdatamodeld */,
			);
			name = "Supporting Files";
			sourceTree = "<group>";
		};
		AACC9FC41CCB477B0001FF9B /* motoHomeTests */ = {
			isa = PBXGroup;
			children = (
				AACC9FC51CCB477B0001FF9B /* motoHomeTests.m */,
				AACC9FC71CCB477B0001FF9B /* Info.plist */,
			);
			path = motoHomeTests;
			sourceTree = "<group>";
		};
		AACC9FCF1CCB477B0001FF9B /* motoHomeUITests */ = {
			isa = PBXGroup;
			children = (
				AACC9FD01CCB477B0001FF9B /* motoHomeUITests.m */,
				AACC9FD21CCB477B0001FF9B /* Info.plist */,
			);
			path = motoHomeUITests;
			sourceTree = "<group>";
		};
		AACC9FDF1CCB48FE0001FF9B /* Vendors */ = {
			isa = PBXGroup;
			children = (
				AA9461FA1CCE0A54009C6D56 /* RDVTabBarController */,
				AA9461C51CCE02BA009C6D56 /* IQKeyboardManager */,
				AA9461C11CCE0097009C6D56 /* MBProgressHUD */,
				AA94618F1CCDFED1009C6D56 /* SDWebImage */,
				AA9461631CCDF488009C6D56 /* MJExtension */,
				AA9461421CCDC2D1009C6D56 /* JSONModel */,
			);
			name = Vendors;
			sourceTree = "<group>";
		};
		AACC9FE01CCB4AB00001FF9B /* framework */ = {
			isa = PBXGroup;
			children = (
				AA94612A1CCDB75A009C6D56 /* AFNetworking */,
				AA94610C1CCDB754009C6D56 /* UIKit+AFNetworking */,
				AACC9FF11CCB4D9C0001FF9B /* CoreGraphics.framework */,
				AACC9FEF1CCB4D8A0001FF9B /* SystemConfiguration.framework */,
				AACC9FED1CCB4D840001FF9B /* Foundation.framework */,
				AACC9FEB1CCB4D6A0001FF9B /* LocalAuthentication.framework */,
				AACC9FE91CCB4D640001FF9B /* AVFoundation.framework */,
				AACC9FE71CCB4D570001FF9B /* Security.framework */,
				AACC9FE51CCB4D4D0001FF9B /* OpenGLES.framework */,
				AACC9FE31CCB4D450001FF9B /* UIKit.framework */,
			);
			name = framework;
			sourceTree = "<group>";
		};
/* End PBXGroup section */

/* Begin PBXNativeTarget section */
		AACC9FA41CCB477A0001FF9B /* motoHome */ = {
			isa = PBXNativeTarget;
			buildConfigurationList = AACC9FD51CCB477B0001FF9B /* Build configuration list for PBXNativeTarget "motoHome" */;
			buildPhases = (
				AACC9FA11CCB477A0001FF9B /* Sources */,
				AACC9FA21CCB477A0001FF9B /* Frameworks */,
				AACC9FA31CCB477A0001FF9B /* Resources */,
			);
			buildRules = (
			);
			dependencies = (
			);
			name = motoHome;
			productName = motoHome;
			productReference = AACC9FA51CCB477A0001FF9B /* motoHome.app */;
			productType = "com.apple.product-type.application";
		};
		AACC9FC01CCB477A0001FF9B /* motoHomeTests */ = {
			isa = PBXNativeTarget;
			buildConfigurationList = AACC9FD81CCB477B0001FF9B /* Build configuration list for PBXNativeTarget "motoHomeTests" */;
			buildPhases = (
				AACC9FBD1CCB477A0001FF9B /* Sources */,
				AACC9FBE1CCB477A0001FF9B /* Frameworks */,
				AACC9FBF1CCB477A0001FF9B /* Resources */,
			);
			buildRules = (
			);
			dependencies = (
				AACC9FC31CCB477B0001FF9B /* PBXTargetDependency */,
			);
			name = motoHomeTests;
			productName = motoHomeTests;
			productReference = AACC9FC11CCB477A0001FF9B /* motoHomeTests.xctest */;
			productType = "com.apple.product-type.bundle.unit-test";
		};
		AACC9FCB1CCB477B0001FF9B /* motoHomeUITests */ = {
			isa = PBXNativeTarget;
			buildConfigurationList = AACC9FDB1CCB477B0001FF9B /* Build configuration list for PBXNativeTarget "motoHomeUITests" */;
			buildPhases = (
				AACC9FC81CCB477B0001FF9B /* Sources */,
				AACC9FC91CCB477B0001FF9B /* Frameworks */,
				AACC9FCA1CCB477B0001FF9B /* Resources */,
			);
			buildRules = (
			);
			dependencies = (
				AACC9FCE1CCB477B0001FF9B /* PBXTargetDependency */,
			);
			name = motoHomeUITests;
			productName = motoHomeUITests;
			productReference = AACC9FCC1CCB477B0001FF9B /* motoHomeUITests.xctest */;
			productType = "com.apple.product-type.bundle.ui-testing";
		};
/* End PBXNativeTarget section */

/* Begin PBXProject section */
		AACC9F9D1CCB477A0001FF9B /* Project object */ = {
			isa = PBXProject;
			attributes = {
				LastUpgradeCheck = 0730;
				ORGANIZATIONNAME = bridgetree;
				TargetAttributes = {
					AACC9FA41CCB477A0001FF9B = {
						CreatedOnToolsVersion = 7.3;
						DevelopmentTeam = 4GQCK5Z9L9;
					};
					AACC9FC01CCB477A0001FF9B = {
						CreatedOnToolsVersion = 7.3;
						TestTargetID = AACC9FA41CCB477A0001FF9B;
					};
					AACC9FCB1CCB477B0001FF9B = {
						CreatedOnToolsVersion = 7.3;
						TestTargetID = AACC9FA41CCB477A0001FF9B;
					};
				};
			};
			buildConfigurationList = AACC9FA01CCB477A0001FF9B /* Build configuration list for PBXProject "motoHome" */;
			compatibilityVersion = "Xcode 3.2";
			developmentRegion = English;
			hasScannedForEncodings = 0;
			knownRegions = (
				en,
				Base,
			);
			mainGroup = AACC9F9C1CCB477A0001FF9B;
			productRefGroup = AACC9FA61CCB477A0001FF9B /* Products */;
			projectDirPath = "";
			projectRoot = "";
			targets = (
				AACC9FA41CCB477A0001FF9B /* motoHome */,
				AACC9FC01CCB477A0001FF9B /* motoHomeTests */,
				AACC9FCB1CCB477B0001FF9B /* motoHomeUITests */,
			);
		};
/* End PBXProject section */

/* Begin PBXResourcesBuildPhase section */
		AACC9FA31CCB477A0001FF9B /* Resources */ = {
			isa = PBXResourcesBuildPhase;
			buildActionMask = 2147483647;
			files = (
				AACC9FBB1CCB477A0001FF9B /* LaunchScreen.storyboard in Resources */,
				AACC9FB81CCB477A0001FF9B /* Assets.xcassets in Resources */,
				AA9461F91CCE02BA009C6D56 /* IQKeyboardManager.bundle in Resources */,
				AACC9FB31CCB477A0001FF9B /* Main.storyboard in Resources */,
			);
			runOnlyForDeploymentPostprocessing = 0;
		};
		AACC9FBF1CCB477A0001FF9B /* Resources */ = {
			isa = PBXResourcesBuildPhase;
			buildActionMask = 2147483647;
			files = (
			);
			runOnlyForDeploymentPostprocessing = 0;
		};
		AACC9FCA1CCB477B0001FF9B /* Resources */ = {
			isa = PBXResourcesBuildPhase;
			buildActionMask = 2147483647;
			files = (
			);
			runOnlyForDeploymentPostprocessing = 0;
		};
/* End PBXResourcesBuildPhase section */

/* Begin PBXSourcesBuildPhase section */
		AACC9FA11CCB477A0001FF9B /* Sources */ = {
			isa = PBXSourcesBuildPhase;
			buildActionMask = 2147483647;
			files = (
				AA9461BC1CCDFED1009C6D56 /* UIImage+MultiFormat.m in Sources */,
				AA9461B61CCDFED1009C6D56 /* SDWebImageDownloader.m in Sources */,
				AA9461BD1CCDFED1009C6D56 /* UIImage+WebP.m in Sources */,
				AA9461211CCDB754009C6D56 /* AFAutoPurgingImageCache.m in Sources */,
				AA9461261CCDB754009C6D56 /* UIImageView+AFNetworking.m in Sources */,
				AA9461281CCDB754009C6D56 /* UIRefreshControl+AFNetworking.m in Sources */,
				AA9461EB1CCE02BA009C6D56 /* IQNSArray+Sort.m in Sources */,
				AA94617A1CCDF488009C6D56 /* MJFoundation.m in Sources */,
				AA9461C41CCE00A9009C6D56 /* MBProgressHUD.m in Sources */,
				AA9461EC1CCE02BA009C6D56 /* IQUIScrollView+Additions.m in Sources */,
				AA9461EE1CCE02BA009C6D56 /* IQUIView+Hierarchy.m in Sources */,
				AA9461B21CCDFED1009C6D56 /* NSData+ImageContentType.m in Sources */,
				AA9461801CCDF488009C6D56 /* NSObject+MJKeyValue.m in Sources */,
				AA9461B71CCDFED1009C6D56 /* SDWebImageDownloaderOperation.m in Sources */,
				AA9461271CCDB754009C6D56 /* UIProgressView+AFNetworking.m in Sources */,
				AA9461B51CCDFED1009C6D56 /* SDWebImageDecoder.m in Sources */,
				AA9461F51CCE02BA009C6D56 /* IQPreviousNextView.m in Sources */,
				AA9461621CCDC499009C6D56 /* BulletinInfo.m in Sources */,
				AACC9FB01CCB477A0001FF9B /* ViewController.m in Sources */,
				AA9461381CCDB75A009C6D56 /* AFHTTPSessionManager.m in Sources */,
				AA9461251CCDB754009C6D56 /* UIButton+AFNetworking.m in Sources */,
				AA9461F21CCE02BA009C6D56 /* IQKeyboardReturnKeyHandler.m in Sources */,
				AA9461B11CCDFED1009C6D56 /* MKAnnotationView+WebCache.m in Sources */,
				AA9461581CCDC315009C6D56 /* JSONModel+networking.m in Sources */,
				AA9461BE1CCDFED1009C6D56 /* UIImageView+HighlightedWebCache.m in Sources */,
				AA9461F41CCE02BA009C6D56 /* IQBarButtonItem.m in Sources */,
				AA9461391CCDB75A009C6D56 /* AFNetworkReachabilityManager.m in Sources */,
				AA9461BA1CCDFED1009C6D56 /* UIButton+WebCache.m in Sources */,
				AACC9FB61CCB477A0001FF9B /* motoHome.xcdatamodeld in Sources */,
				AA9461BF1CCDFED1009C6D56 /* UIImageView+WebCache.m in Sources */,
				AA94614D1CCDC307009C6D56 /* JSONModel.m in Sources */,
				AA94615E1CCDC31B009C6D56 /* JSONValueTransformer.m in Sources */,
				AA94617F1CCDF488009C6D56 /* NSObject+MJCoding.m in Sources */,
				AA9461F31CCE02BA009C6D56 /* IQTextView.m in Sources */,
				AA9461F01CCE02BA009C6D56 /* IQUIWindow+Hierarchy.m in Sources */,
				AACC9FAD1CCB477A0001FF9B /* AppDelegate.m in Sources */,
				AA9461881CCDFA09009C6D56 /* motoUtility.m in Sources */,
				AA9461F81CCE02BA009C6D56 /* IQUIView+IQKeyboardToolbar.m in Sources */,
				AA9461EF1CCE02BA009C6D56 /* IQUIViewController+Additions.m in Sources */,
				AA94617C1CCDF488009C6D56 /* MJPropertyKey.m in Sources */,
				AA9461561CCDC315009C6D56 /* JSONAPI.m in Sources */,
				AA9461571CCDC315009C6D56 /* JSONHTTPClient.m in Sources */,
				AA94613D1CCDB75A009C6D56 /* AFURLSessionManager.m in Sources */,
				AA9461811CCDF488009C6D56 /* NSObject+MJProperty.m in Sources */,
				AA94613C1CCDB75A009C6D56 /* AFURLResponseSerialization.m in Sources */,
				AA9461291CCDB754009C6D56 /* UIWebView+AFNetworking.m in Sources */,
				AA9462021CCE0A54009C6D56 /* RDVTabBarController.m in Sources */,
				AA9461821CCDF488009C6D56 /* NSString+MJExtension.m in Sources */,
				AA94614E1CCDC307009C6D56 /* JSONModelClassProperty.m in Sources */,
				AA9461BB1CCDFED1009C6D56 /* UIImage+GIF.m in Sources */,
				AA94615D1CCDC31B009C6D56 /* JSONKeyMapper.m in Sources */,
				AA9461B81CCDFED1009C6D56 /* SDWebImageManager.m in Sources */,
				AA94618E1CCDFC28009C6D56 /* validateTool.m in Sources */,
				AA94617E1CCDF488009C6D56 /* NSObject+MJClass.m in Sources */,
				AA9461791CCDF488009C6D56 /* MJExtensionConst.m in Sources */,
				AA9461B41CCDFED1009C6D56 /* SDWebImageCompat.m in Sources */,
				AACC9FAA1CCB477A0001FF9B /* main.m in Sources */,
				AA94614F1CCDC307009C6D56 /* JSONModelError.m in Sources */,
				AA9461F11CCE02BA009C6D56 /* IQKeyboardManager.m in Sources */,
				AA94613B1CCDB75A009C6D56 /* AFURLRequestSerialization.m in Sources */,
				AA9461F61CCE02BA009C6D56 /* IQTitleBarButtonItem.m in Sources */,
				AA94617D1CCDF488009C6D56 /* MJPropertyType.m in Sources */,
				AA94613A1CCDB75A009C6D56 /* AFSecurityPolicy.m in Sources */,
				AA9462011CCE0A54009C6D56 /* RDVTabBar.m in Sources */,
				AA9461B91CCDFED1009C6D56 /* SDWebImagePrefetcher.m in Sources */,
				AA9461231CCDB754009C6D56 /* AFNetworkActivityIndicatorManager.m in Sources */,
				AA9461ED1CCE02BA009C6D56 /* IQUITextFieldView+Additions.m in Sources */,
				AA94617B1CCDF488009C6D56 /* MJProperty.m in Sources */,
				AA9461F71CCE02BA009C6D56 /* IQToolbar.m in Sources */,
				AA9461C01CCDFED1009C6D56 /* UIView+WebCacheOperation.m in Sources */,
				AA9461B31CCDFED1009C6D56 /* SDImageCache.m in Sources */,
				AA9462031CCE0A54009C6D56 /* RDVTabBarItem.m in Sources */,
				AA9461241CCDB754009C6D56 /* UIActivityIndicatorView+AFNetworking.m in Sources */,
				AA9461221CCDB754009C6D56 /* AFImageDownloader.m in Sources */,
			);
			runOnlyForDeploymentPostprocessing = 0;
		};
		AACC9FBD1CCB477A0001FF9B /* Sources */ = {
			isa = PBXSourcesBuildPhase;
			buildActionMask = 2147483647;
			files = (
				AACC9FC61CCB477B0001FF9B /* motoHomeTests.m in Sources */,
			);
			runOnlyForDeploymentPostprocessing = 0;
		};
		AACC9FC81CCB477B0001FF9B /* Sources */ = {
			isa = PBXSourcesBuildPhase;
			buildActionMask = 2147483647;
			files = (
				AACC9FD11CCB477B0001FF9B /* motoHomeUITests.m in Sources */,
			);
			runOnlyForDeploymentPostprocessing = 0;
		};
/* End PBXSourcesBuildPhase section */

/* Begin PBXTargetDependency section */
		AACC9FC31CCB477B0001FF9B /* PBXTargetDependency */ = {
			isa = PBXTargetDependency;
			target = AACC9FA41CCB477A0001FF9B /* motoHome */;
			targetProxy = AACC9FC21CCB477B0001FF9B /* PBXContainerItemProxy */;
		};
		AACC9FCE1CCB477B0001FF9B /* PBXTargetDependency */ = {
			isa = PBXTargetDependency;
			target = AACC9FA41CCB477A0001FF9B /* motoHome */;
			targetProxy = AACC9FCD1CCB477B0001FF9B /* PBXContainerItemProxy */;
		};
/* End PBXTargetDependency section */

/* Begin PBXVariantGroup section */
		AACC9FB11CCB477A0001FF9B /* Main.storyboard */ = {
			isa = PBXVariantGroup;
			children = (
				AACC9FB21CCB477A0001FF9B /* Base */,
			);
			name = Main.storyboard;
			sourceTree = "<group>";
		};
		AACC9FB91CCB477A0001FF9B /* LaunchScreen.storyboard */ = {
			isa = PBXVariantGroup;
			children = (
				AACC9FBA1CCB477A0001FF9B /* Base */,
			);
			name = LaunchScreen.storyboard;
			sourceTree = "<group>";
		};
/* End PBXVariantGroup section */

/* Begin XCBuildConfiguration section */
		AACC9FD31CCB477B0001FF9B /* Debug */ = {
			isa = XCBuildConfiguration;
			buildSettings = {
				ALWAYS_SEARCH_USER_PATHS = NO;
				CLANG_ANALYZER_NONNULL = YES;
				CLANG_CXX_LANGUAGE_STANDARD = "gnu++0x";
				CLANG_CXX_LIBRARY = "libc++";
				CLANG_ENABLE_MODULES = YES;
				CLANG_ENABLE_OBJC_ARC = YES;
				CLANG_WARN_BOOL_CONVERSION = YES;
				CLANG_WARN_CONSTANT_CONVERSION = YES;
				CLANG_WARN_DIRECT_OBJC_ISA_USAGE = YES_ERROR;
				CLANG_WARN_EMPTY_BODY = YES;
				CLANG_WARN_ENUM_CONVERSION = YES;
				CLANG_WARN_INT_CONVERSION = YES;
				CLANG_WARN_OBJC_ROOT_CLASS = YES_ERROR;
				CLANG_WARN_UNREACHABLE_CODE = YES;
				CLANG_WARN__DUPLICATE_METHOD_MATCH = YES;
				"CODE_SIGN_IDENTITY[sdk=iphoneos*]" = "iPhone Developer";
				COPY_PHASE_STRIP = NO;
				DEBUG_INFORMATION_FORMAT = dwarf;
				ENABLE_STRICT_OBJC_MSGSEND = YES;
				ENABLE_TESTABILITY = YES;
				GCC_C_LANGUAGE_STANDARD = gnu99;
				GCC_DYNAMIC_NO_PIC = NO;
				GCC_NO_COMMON_BLOCKS = YES;
				GCC_OPTIMIZATION_LEVEL = 0;
				GCC_PREPROCESSOR_DEFINITIONS = (
					"DEBUG=1",
					"$(inherited)",
				);
				GCC_WARN_64_TO_32_BIT_CONVERSION = YES;
				GCC_WARN_ABOUT_RETURN_TYPE = YES_ERROR;
				GCC_WARN_UNDECLARED_SELECTOR = YES;
				GCC_WARN_UNINITIALIZED_AUTOS = YES_AGGRESSIVE;
				GCC_WARN_UNUSED_FUNCTION = YES;
				GCC_WARN_UNUSED_VARIABLE = YES;
				IPHONEOS_DEPLOYMENT_TARGET = 9.3;
				MTL_ENABLE_DEBUG_INFO = YES;
				ONLY_ACTIVE_ARCH = YES;
				SDKROOT = iphoneos;
				TARGETED_DEVICE_FAMILY = "1,2";
			};
			name = Debug;
		};
		AACC9FD41CCB477B0001FF9B /* Release */ = {
			isa = XCBuildConfiguration;
			buildSettings = {
				ALWAYS_SEARCH_USER_PATHS = NO;
				CLANG_ANALYZER_NONNULL = YES;
				CLANG_CXX_LANGUAGE_STANDARD = "gnu++0x";
				CLANG_CXX_LIBRARY = "libc++";
				CLANG_ENABLE_MODULES = YES;
				CLANG_ENABLE_OBJC_ARC = YES;
				CLANG_WARN_BOOL_CONVERSION = YES;
				CLANG_WARN_CONSTANT_CONVERSION = YES;
				CLANG_WARN_DIRECT_OBJC_ISA_USAGE = YES_ERROR;
				CLANG_WARN_EMPTY_BODY = YES;
				CLANG_WARN_ENUM_CONVERSION = YES;
				CLANG_WARN_INT_CONVERSION = YES;
				CLANG_WARN_OBJC_ROOT_CLASS = YES_ERROR;
				CLANG_WARN_UNREACHABLE_CODE = YES;
				CLANG_WARN__DUPLICATE_METHOD_MATCH = YES;
				"CODE_SIGN_IDENTITY[sdk=iphoneos*]" = "iPhone Developer";
				COPY_PHASE_STRIP = NO;
				DEBUG_INFORMATION_FORMAT = "dwarf-with-dsym";
				ENABLE_NS_ASSERTIONS = NO;
				ENABLE_STRICT_OBJC_MSGSEND = YES;
				GCC_C_LANGUAGE_STANDARD = gnu99;
				GCC_NO_COMMON_BLOCKS = YES;
				GCC_WARN_64_TO_32_BIT_CONVERSION = YES;
				GCC_WARN_ABOUT_RETURN_TYPE = YES_ERROR;
				GCC_WARN_UNDECLARED_SELECTOR = YES;
				GCC_WARN_UNINITIALIZED_AUTOS = YES_AGGRESSIVE;
				GCC_WARN_UNUSED_FUNCTION = YES;
				GCC_WARN_UNUSED_VARIABLE = YES;
				IPHONEOS_DEPLOYMENT_TARGET = 9.3;
				MTL_ENABLE_DEBUG_INFO = NO;
				SDKROOT = iphoneos;
				TARGETED_DEVICE_FAMILY = "1,2";
				VALIDATE_PRODUCT = YES;
			};
			name = Release;
		};
		AACC9FD61CCB477B0001FF9B /* Debug */ = {
			isa = XCBuildConfiguration;
			buildSettings = {
				ASSETCATALOG_COMPILER_APPICON_NAME = AppIcon;
				CODE_SIGN_IDENTITY = "iPhone Developer";
				"CODE_SIGN_IDENTITY[sdk=iphoneos*]" = "iPhone Developer";
				FRAMEWORK_SEARCH_PATHS = (
					"$(inherited)",
					"$(PROJECT_DIR)",
				);
				GCC_INCREASE_PRECOMPILED_HEADER_SHARING = NO;
				GCC_PREFIX_HEADER = motoHome/PrefixHeader.pch;
				INFOPLIST_FILE = motoHome/Info.plist;
				IPHONEOS_DEPLOYMENT_TARGET = 8.0;
				LD_RUNPATH_SEARCH_PATHS = "$(inherited) @executable_path/Frameworks";
				PRODUCT_BUNDLE_IDENTIFIER = com.bridgetree.motoHome;
				PRODUCT_NAME = "$(TARGET_NAME)";
				PROVISIONING_PROFILE = "";
			};
			name = Debug;
		};
		AACC9FD71CCB477B0001FF9B /* Release */ = {
			isa = XCBuildConfiguration;
			buildSettings = {
				ASSETCATALOG_COMPILER_APPICON_NAME = AppIcon;
				CODE_SIGN_IDENTITY = "iPhone Developer";
				"CODE_SIGN_IDENTITY[sdk=iphoneos*]" = "iPhone Developer";
				FRAMEWORK_SEARCH_PATHS = (
					"$(inherited)",
					"$(PROJECT_DIR)",
				);
				GCC_INCREASE_PRECOMPILED_HEADER_SHARING = NO;
				GCC_PREFIX_HEADER = motoHome/PrefixHeader.pch;
				INFOPLIST_FILE = motoHome/Info.plist;
				IPHONEOS_DEPLOYMENT_TARGET = 8.0;
				LD_RUNPATH_SEARCH_PATHS = "$(inherited) @executable_path/Frameworks";
				PRODUCT_BUNDLE_IDENTIFIER = com.bridgetree.motoHome;
				PRODUCT_NAME = "$(TARGET_NAME)";
				PROVISIONING_PROFILE = "";
			};
			name = Release;
		};
		AACC9FD91CCB477B0001FF9B /* Debug */ = {
			isa = XCBuildConfiguration;
			buildSettings = {
				BUNDLE_LOADER = "$(TEST_HOST)";
				INFOPLIST_FILE = motoHomeTests/Info.plist;
				LD_RUNPATH_SEARCH_PATHS = "$(inherited) @executable_path/Frameworks @loader_path/Frameworks";
				PRODUCT_BUNDLE_IDENTIFIER = com.bridgetree.motoHomeTests;
				PRODUCT_NAME = "$(TARGET_NAME)";
				TEST_HOST = "$(BUILT_PRODUCTS_DIR)/motoHome.app/motoHome";
			};
			name = Debug;
		};
		AACC9FDA1CCB477B0001FF9B /* Release */ = {
			isa = XCBuildConfiguration;
			buildSettings = {
				BUNDLE_LOADER = "$(TEST_HOST)";
				INFOPLIST_FILE = motoHomeTests/Info.plist;
				LD_RUNPATH_SEARCH_PATHS = "$(inherited) @executable_path/Frameworks @loader_path/Frameworks";
				PRODUCT_BUNDLE_IDENTIFIER = com.bridgetree.motoHomeTests;
				PRODUCT_NAME = "$(TARGET_NAME)";
				TEST_HOST = "$(BUILT_PRODUCTS_DIR)/motoHome.app/motoHome";
			};
			name = Release;
		};
		AACC9FDC1CCB477B0001FF9B /* Debug */ = {
			isa = XCBuildConfiguration;
			buildSettings = {
				INFOPLIST_FILE = motoHomeUITests/Info.plist;
				LD_RUNPATH_SEARCH_PATHS = "$(inherited) @executable_path/Frameworks @loader_path/Frameworks";
				PRODUCT_BUNDLE_IDENTIFIER = com.bridgetree.motoHomeUITests;
				PRODUCT_NAME = "$(TARGET_NAME)";
				TEST_TARGET_NAME = motoHome;
			};
			name = Debug;
		};
		AACC9FDD1CCB477B0001FF9B /* Release */ = {
			isa = XCBuildConfiguration;
			buildSettings = {
				INFOPLIST_FILE = motoHomeUITests/Info.plist;
				LD_RUNPATH_SEARCH_PATHS = "$(inherited) @executable_path/Frameworks @loader_path/Frameworks";
				PRODUCT_BUNDLE_IDENTIFIER = com.bridgetree.motoHomeUITests;
				PRODUCT_NAME = "$(TARGET_NAME)";
				TEST_TARGET_NAME = motoHome;
			};
			name = Release;
		};
/* End XCBuildConfiguration section */

/* Begin XCConfigurationList section */
		AACC9FA01CCB477A0001FF9B /* Build configuration list for PBXProject "motoHome" */ = {
			isa = XCConfigurationList;
			buildConfigurations = (
				AACC9FD31CCB477B0001FF9B /* Debug */,
				AACC9FD41CCB477B0001FF9B /* Release */,
			);
			defaultConfigurationIsVisible = 0;
			defaultConfigurationName = Release;
		};
		AACC9FD51CCB477B0001FF9B /* Build configuration list for PBXNativeTarget "motoHome" */ = {
			isa = XCConfigurationList;
			buildConfigurations = (
				AACC9FD61CCB477B0001FF9B /* Debug */,
				AACC9FD71CCB477B0001FF9B /* Release */,
			);
			defaultConfigurationIsVisible = 0;
			defaultConfigurationName = Release;
		};
		AACC9FD81CCB477B0001FF9B /* Build configuration list for PBXNativeTarget "motoHomeTests" */ = {
			isa = XCConfigurationList;
			buildConfigurations = (
				AACC9FD91CCB477B0001FF9B /* Debug */,
				AACC9FDA1CCB477B0001FF9B /* Release */,
			);
			defaultConfigurationIsVisible = 0;
			defaultConfigurationName = Release;
		};
		AACC9FDB1CCB477B0001FF9B /* Build configuration list for PBXNativeTarget "motoHomeUITests" */ = {
			isa = XCConfigurationList;
			buildConfigurations = (
				AACC9FDC1CCB477B0001FF9B /* Debug */,
				AACC9FDD1CCB477B0001FF9B /* Release */,
			);
			defaultConfigurationIsVisible = 0;
			defaultConfigurationName = Release;
		};
/* End XCConfigurationList section */

/* Begin XCVersionGroup section */
		AACC9FB41CCB477A0001FF9B /* motoHome.xcdatamodeld */ = {
			isa = XCVersionGroup;
			children = (
				AACC9FB51CCB477A0001FF9B /* motoHome.xcdatamodel */,
			);
			currentVersion = AACC9FB51CCB477A0001FF9B /* motoHome.xcdatamodel */;
			path = motoHome.xcdatamodeld;
			sourceTree = "<group>";
			versionGroupType = wrapper.xcdatamodel;
		};
/* End XCVersionGroup section */
	};
	rootObject = AACC9F9D1CCB477A0001FF9B /* Project object */;
}
